
Microsoft Visual Studio Solution File, Format Version 12.00
# Visual Studio Version 17
VisualStudioVersion = 17.2.32630.192
MinimumVisualStudioVersion = 10.0.40219.1
Project("{9A19103F-16F7-4668-BE54-9A1E7A4F7556}") = "XStory", "XStory\XStory\XStory.csproj", "{10359E22-6831-4C78-A78D-21E7DC7A1C5E}"
EndProject
Project("{FAE04EC0-301F-11D3-BF4B-00C04F79EFBC}") = "XStory.Android", "XStory\XStory.Android\XStory.Android.csproj", "{B864532F-0029-40BC-BCB5-B2D7874D90D7}"
EndProject
Project("{FAE04EC0-301F-11D3-BF4B-00C04F79EFBC}") = "XStory.iOS", "XStory\XStory.iOS\XStory.iOS.csproj", "{603D52B4-27B9-408E-B5C8-0584DD697E78}"
EndProject
Project("{FAE04EC0-301F-11D3-BF4B-00C04F79EFBC}") = "XStory.UWP", "XStory\XStory.UWP\XStory.UWP.csproj", "{8D1E7113-5E77-407D-A95F-8B25B875080B}"
EndProject
Project("{9A19103F-16F7-4668-BE54-9A1E7A4F7556}") = "XStory.XUnitTests", "XStory.XUnitTests\XStory.XUnitTests.csproj", "{F8871F13-9917-475A-A84B-06ADB1FB4B4F}"
EndProject
Project("{2150E333-8FDC-42A3-9474-1A3956D46DE8}") = "Platforms", "Platforms", "{93D5C0C7-5C12-4CFD-A1FD-3AC0D9E65CC8}"
EndProject
Project("{2150E333-8FDC-42A3-9474-1A3956D46DE8}") = "BL", "BL", "{C6805A10-AEF1-45B5-BC10-27A7D47EF754}"
EndProject
Project("{9A19103F-16F7-4668-BE54-9A1E7A4F7556}") = "XStory.BL.SQLite", "XStory.BL.SQLite\XStory.BL.SQLite.csproj", "{6356BCAC-A339-4BED-9F1E-9BEE1A3306BC}"
EndProject
Project("{9A19103F-16F7-4668-BE54-9A1E7A4F7556}") = "XStory.BL.SQLite.Contracts", "XStory.BL.SQLite.Contracts\XStory.BL.SQLite.Contracts.csproj", "{B76DC43D-0D9E-496F-A146-345941582CD6}"
EndProject
Project("{9A19103F-16F7-4668-BE54-9A1E7A4F7556}") = "XStory.BL.Web", "XStory.BL.Web\XStory.BL.Web.csproj", "{BB3FEA6E-946C-4EC0-B0C3-B2CB3B0C9C8C}"
EndProject
Project("{9A19103F-16F7-4668-BE54-9A1E7A4F7556}") = "XStory.BL.Web.Contracts", "XStory.BL.Web.Contracts\XStory.BL.Web.Contracts.csproj", "{A35DAB20-6476-4E64-A9F9-7154A4748248}"
EndProject
Project("{2150E333-8FDC-42A3-9474-1A3956D46DE8}") = "DAL", "DAL", "{E20E7376-BE97-4F58-B3D3-8CB0EA1EEEF9}"
EndProject
Project("{9A19103F-16F7-4668-BE54-9A1E7A4F7556}") = "XStory.DAL.SQLite", "XStory.DAL.SQLite\XStory.DAL.SQLite.csproj", "{1EB5715E-80E6-499D-87B2-1647A16FBCF4}"
EndProject
Project("{9A19103F-16F7-4668-BE54-9A1E7A4F7556}") = "XStory.DAL.SQLite.Contracts", "XStory.DAL.SQLite.Contracts\XStory.DAL.SQLite.Contracts.csproj", "{6F2DDE80-03AD-4BEF-B48F-38D31281A25F}"
EndProject
Project("{9A19103F-16F7-4668-BE54-9A1E7A4F7556}") = "XStory.DAL.Web", "XStory.DAL.Web\XStory.DAL.Web.csproj", "{5CADB749-743A-4D0D-B721-EDDF273F6DDF}"
EndProject
Project("{9A19103F-16F7-4668-BE54-9A1E7A4F7556}") = "XStory.DAL.Web.Contracts", "XStory.DAL.Web.Contracts\XStory.DAL.Web.Contracts.csproj", "{D50E4067-E8CC-4E92-813B-53168E9CDCC6}"
EndProject
Global
	GlobalSection(SolutionConfigurationPlatforms) = preSolution
		Ad-Hoc|Any CPU = Ad-Hoc|Any CPU
		Ad-Hoc|ARM = Ad-Hoc|ARM
		Ad-Hoc|iPhone = Ad-Hoc|iPhone
		Ad-Hoc|iPhoneSimulator = Ad-Hoc|iPhoneSimulator
		Ad-Hoc|x64 = Ad-Hoc|x64
		Ad-Hoc|x86 = Ad-Hoc|x86
		AppStore|Any CPU = AppStore|Any CPU
		AppStore|ARM = AppStore|ARM
		AppStore|iPhone = AppStore|iPhone
		AppStore|iPhoneSimulator = AppStore|iPhoneSimulator
		AppStore|x64 = AppStore|x64
		AppStore|x86 = AppStore|x86
		Debug|Any CPU = Debug|Any CPU
		Debug|ARM = Debug|ARM
		Debug|iPhone = Debug|iPhone
		Debug|iPhoneSimulator = Debug|iPhoneSimulator
		Debug|x64 = Debug|x64
		Debug|x86 = Debug|x86
		Release|Any CPU = Release|Any CPU
		Release|ARM = Release|ARM
		Release|iPhone = Release|iPhone
		Release|iPhoneSimulator = Release|iPhoneSimulator
		Release|x64 = Release|x64
		Release|x86 = Release|x86
	EndGlobalSection
	GlobalSection(ProjectConfigurationPlatforms) = postSolution
		{10359E22-6831-4C78-A78D-21E7DC7A1C5E}.Ad-Hoc|Any CPU.ActiveCfg = Debug|Any CPU
		{10359E22-6831-4C78-A78D-21E7DC7A1C5E}.Ad-Hoc|Any CPU.Build.0 = Debug|Any CPU
		{10359E22-6831-4C78-A78D-21E7DC7A1C5E}.Ad-Hoc|ARM.ActiveCfg = Debug|Any CPU
		{10359E22-6831-4C78-A78D-21E7DC7A1C5E}.Ad-Hoc|ARM.Build.0 = Debug|Any CPU
		{10359E22-6831-4C78-A78D-21E7DC7A1C5E}.Ad-Hoc|iPhone.ActiveCfg = Debug|Any CPU
		{10359E22-6831-4C78-A78D-21E7DC7A1C5E}.Ad-Hoc|iPhone.Build.0 = Debug|Any CPU
		{10359E22-6831-4C78-A78D-21E7DC7A1C5E}.Ad-Hoc|iPhoneSimulator.ActiveCfg = Debug|Any CPU
		{10359E22-6831-4C78-A78D-21E7DC7A1C5E}.Ad-Hoc|iPhoneSimulator.Build.0 = Debug|Any CPU
		{10359E22-6831-4C78-A78D-21E7DC7A1C5E}.Ad-Hoc|x64.ActiveCfg = Debug|Any CPU
		{10359E22-6831-4C78-A78D-21E7DC7A1C5E}.Ad-Hoc|x64.Build.0 = Debug|Any CPU
		{10359E22-6831-4C78-A78D-21E7DC7A1C5E}.Ad-Hoc|x86.ActiveCfg = Debug|Any CPU
		{10359E22-6831-4C78-A78D-21E7DC7A1C5E}.Ad-Hoc|x86.Build.0 = Debug|Any CPU
		{10359E22-6831-4C78-A78D-21E7DC7A1C5E}.AppStore|Any CPU.ActiveCfg = Debug|Any CPU
		{10359E22-6831-4C78-A78D-21E7DC7A1C5E}.AppStore|Any CPU.Build.0 = Debug|Any CPU
		{10359E22-6831-4C78-A78D-21E7DC7A1C5E}.AppStore|ARM.ActiveCfg = Debug|Any CPU
		{10359E22-6831-4C78-A78D-21E7DC7A1C5E}.AppStore|ARM.Build.0 = Debug|Any CPU
		{10359E22-6831-4C78-A78D-21E7DC7A1C5E}.AppStore|iPhone.ActiveCfg = Debug|Any CPU
		{10359E22-6831-4C78-A78D-21E7DC7A1C5E}.AppStore|iPhone.Build.0 = Debug|Any CPU
		{10359E22-6831-4C78-A78D-21E7DC7A1C5E}.AppStore|iPhoneSimulator.ActiveCfg = Debug|Any CPU
		{10359E22-6831-4C78-A78D-21E7DC7A1C5E}.AppStore|iPhoneSimulator.Build.0 = Debug|Any CPU
		{10359E22-6831-4C78-A78D-21E7DC7A1C5E}.AppStore|x64.ActiveCfg = Debug|Any CPU
		{10359E22-6831-4C78-A78D-21E7DC7A1C5E}.AppStore|x64.Build.0 = Debug|Any CPU
		{10359E22-6831-4C78-A78D-21E7DC7A1C5E}.AppStore|x86.ActiveCfg = Debug|Any CPU
		{10359E22-6831-4C78-A78D-21E7DC7A1C5E}.AppStore|x86.Build.0 = Debug|Any CPU
		{10359E22-6831-4C78-A78D-21E7DC7A1C5E}.Debug|Any CPU.ActiveCfg = Debug|Any CPU
		{10359E22-6831-4C78-A78D-21E7DC7A1C5E}.Debug|Any CPU.Build.0 = Debug|Any CPU
		{10359E22-6831-4C78-A78D-21E7DC7A1C5E}.Debug|ARM.ActiveCfg = Debug|Any CPU
		{10359E22-6831-4C78-A78D-21E7DC7A1C5E}.Debug|ARM.Build.0 = Debug|Any CPU
		{10359E22-6831-4C78-A78D-21E7DC7A1C5E}.Debug|iPhone.ActiveCfg = Debug|Any CPU
		{10359E22-6831-4C78-A78D-21E7DC7A1C5E}.Debug|iPhone.Build.0 = Debug|Any CPU
		{10359E22-6831-4C78-A78D-21E7DC7A1C5E}.Debug|iPhoneSimulator.ActiveCfg = Debug|Any CPU
		{10359E22-6831-4C78-A78D-21E7DC7A1C5E}.Debug|iPhoneSimulator.Build.0 = Debug|Any CPU
		{10359E22-6831-4C78-A78D-21E7DC7A1C5E}.Debug|x64.ActiveCfg = Debug|Any CPU
		{10359E22-6831-4C78-A78D-21E7DC7A1C5E}.Debug|x64.Build.0 = Debug|Any CPU
		{10359E22-6831-4C78-A78D-21E7DC7A1C5E}.Debug|x86.ActiveCfg = Debug|Any CPU
		{10359E22-6831-4C78-A78D-21E7DC7A1C5E}.Debug|x86.Build.0 = Debug|Any CPU
		{10359E22-6831-4C78-A78D-21E7DC7A1C5E}.Release|Any CPU.ActiveCfg = Release|Any CPU
		{10359E22-6831-4C78-A78D-21E7DC7A1C5E}.Release|Any CPU.Build.0 = Release|Any CPU
		{10359E22-6831-4C78-A78D-21E7DC7A1C5E}.Release|ARM.ActiveCfg = Release|Any CPU
		{10359E22-6831-4C78-A78D-21E7DC7A1C5E}.Release|ARM.Build.0 = Release|Any CPU
		{10359E22-6831-4C78-A78D-21E7DC7A1C5E}.Release|iPhone.ActiveCfg = Release|Any CPU
		{10359E22-6831-4C78-A78D-21E7DC7A1C5E}.Release|iPhone.Build.0 = Release|Any CPU
		{10359E22-6831-4C78-A78D-21E7DC7A1C5E}.Release|iPhoneSimulator.ActiveCfg = Release|Any CPU
		{10359E22-6831-4C78-A78D-21E7DC7A1C5E}.Release|iPhoneSimulator.Build.0 = Release|Any CPU
		{10359E22-6831-4C78-A78D-21E7DC7A1C5E}.Release|x64.ActiveCfg = Release|Any CPU
		{10359E22-6831-4C78-A78D-21E7DC7A1C5E}.Release|x64.Build.0 = Release|Any CPU
		{10359E22-6831-4C78-A78D-21E7DC7A1C5E}.Release|x86.ActiveCfg = Release|Any CPU
		{10359E22-6831-4C78-A78D-21E7DC7A1C5E}.Release|x86.Build.0 = Release|Any CPU
		{B864532F-0029-40BC-BCB5-B2D7874D90D7}.Ad-Hoc|Any CPU.ActiveCfg = Debug|Any CPU
		{B864532F-0029-40BC-BCB5-B2D7874D90D7}.Ad-Hoc|Any CPU.Build.0 = Debug|Any CPU
		{B864532F-0029-40BC-BCB5-B2D7874D90D7}.Ad-Hoc|Any CPU.Deploy.0 = Debug|Any CPU
		{B864532F-0029-40BC-BCB5-B2D7874D90D7}.Ad-Hoc|ARM.ActiveCfg = Debug|Any CPU
		{B864532F-0029-40BC-BCB5-B2D7874D90D7}.Ad-Hoc|ARM.Build.0 = Debug|Any CPU
		{B864532F-0029-40BC-BCB5-B2D7874D90D7}.Ad-Hoc|ARM.Deploy.0 = Debug|Any CPU
		{B864532F-0029-40BC-BCB5-B2D7874D90D7}.Ad-Hoc|iPhone.ActiveCfg = Debug|Any CPU
		{B864532F-0029-40BC-BCB5-B2D7874D90D7}.Ad-Hoc|iPhone.Build.0 = Debug|Any CPU
		{B864532F-0029-40BC-BCB5-B2D7874D90D7}.Ad-Hoc|iPhone.Deploy.0 = Debug|Any CPU
		{B864532F-0029-40BC-BCB5-B2D7874D90D7}.Ad-Hoc|iPhoneSimulator.ActiveCfg = Debug|Any CPU
		{B864532F-0029-40BC-BCB5-B2D7874D90D7}.Ad-Hoc|iPhoneSimulator.Build.0 = Debug|Any CPU
		{B864532F-0029-40BC-BCB5-B2D7874D90D7}.Ad-Hoc|iPhoneSimulator.Deploy.0 = Debug|Any CPU
		{B864532F-0029-40BC-BCB5-B2D7874D90D7}.Ad-Hoc|x64.ActiveCfg = Debug|Any CPU
		{B864532F-0029-40BC-BCB5-B2D7874D90D7}.Ad-Hoc|x64.Build.0 = Debug|Any CPU
		{B864532F-0029-40BC-BCB5-B2D7874D90D7}.Ad-Hoc|x64.Deploy.0 = Debug|Any CPU
		{B864532F-0029-40BC-BCB5-B2D7874D90D7}.Ad-Hoc|x86.ActiveCfg = Debug|Any CPU
		{B864532F-0029-40BC-BCB5-B2D7874D90D7}.Ad-Hoc|x86.Build.0 = Debug|Any CPU
		{B864532F-0029-40BC-BCB5-B2D7874D90D7}.Ad-Hoc|x86.Deploy.0 = Debug|Any CPU
		{B864532F-0029-40BC-BCB5-B2D7874D90D7}.AppStore|Any CPU.ActiveCfg = Debug|Any CPU
		{B864532F-0029-40BC-BCB5-B2D7874D90D7}.AppStore|Any CPU.Build.0 = Debug|Any CPU
		{B864532F-0029-40BC-BCB5-B2D7874D90D7}.AppStore|Any CPU.Deploy.0 = Debug|Any CPU
		{B864532F-0029-40BC-BCB5-B2D7874D90D7}.AppStore|ARM.ActiveCfg = Debug|Any CPU
		{B864532F-0029-40BC-BCB5-B2D7874D90D7}.AppStore|ARM.Build.0 = Debug|Any CPU
		{B864532F-0029-40BC-BCB5-B2D7874D90D7}.AppStore|ARM.Deploy.0 = Debug|Any CPU
		{B864532F-0029-40BC-BCB5-B2D7874D90D7}.AppStore|iPhone.ActiveCfg = Debug|Any CPU
		{B864532F-0029-40BC-BCB5-B2D7874D90D7}.AppStore|iPhone.Build.0 = Debug|Any CPU
		{B864532F-0029-40BC-BCB5-B2D7874D90D7}.AppStore|iPhone.Deploy.0 = Debug|Any CPU
		{B864532F-0029-40BC-BCB5-B2D7874D90D7}.AppStore|iPhoneSimulator.ActiveCfg = Debug|Any CPU
		{B864532F-0029-40BC-BCB5-B2D7874D90D7}.AppStore|iPhoneSimulator.Build.0 = Debug|Any CPU
		{B864532F-0029-40BC-BCB5-B2D7874D90D7}.AppStore|iPhoneSimulator.Deploy.0 = Debug|Any CPU
		{B864532F-0029-40BC-BCB5-B2D7874D90D7}.AppStore|x64.ActiveCfg = Debug|Any CPU
		{B864532F-0029-40BC-BCB5-B2D7874D90D7}.AppStore|x64.Build.0 = Debug|Any CPU
		{B864532F-0029-40BC-BCB5-B2D7874D90D7}.AppStore|x64.Deploy.0 = Debug|Any CPU
		{B864532F-0029-40BC-BCB5-B2D7874D90D7}.AppStore|x86.ActiveCfg = Debug|Any CPU
		{B864532F-0029-40BC-BCB5-B2D7874D90D7}.AppStore|x86.Build.0 = Debug|Any CPU
		{B864532F-0029-40BC-BCB5-B2D7874D90D7}.AppStore|x86.Deploy.0 = Debug|Any CPU
		{B864532F-0029-40BC-BCB5-B2D7874D90D7}.Debug|Any CPU.ActiveCfg = Debug|Any CPU
		{B864532F-0029-40BC-BCB5-B2D7874D90D7}.Debug|Any CPU.Build.0 = Debug|Any CPU
		{B864532F-0029-40BC-BCB5-B2D7874D90D7}.Debug|Any CPU.Deploy.0 = Debug|Any CPU
		{B864532F-0029-40BC-BCB5-B2D7874D90D7}.Debug|ARM.ActiveCfg = Debug|Any CPU
		{B864532F-0029-40BC-BCB5-B2D7874D90D7}.Debug|ARM.Build.0 = Debug|Any CPU
		{B864532F-0029-40BC-BCB5-B2D7874D90D7}.Debug|ARM.Deploy.0 = Debug|Any CPU
		{B864532F-0029-40BC-BCB5-B2D7874D90D7}.Debug|iPhone.ActiveCfg = Debug|Any CPU
		{B864532F-0029-40BC-BCB5-B2D7874D90D7}.Debug|iPhone.Build.0 = Debug|Any CPU
		{B864532F-0029-40BC-BCB5-B2D7874D90D7}.Debug|iPhone.Deploy.0 = Debug|Any CPU
		{B864532F-0029-40BC-BCB5-B2D7874D90D7}.Debug|iPhoneSimulator.ActiveCfg = Debug|Any CPU
		{B864532F-0029-40BC-BCB5-B2D7874D90D7}.Debug|iPhoneSimulator.Build.0 = Debug|Any CPU
		{B864532F-0029-40BC-BCB5-B2D7874D90D7}.Debug|iPhoneSimulator.Deploy.0 = Debug|Any CPU
		{B864532F-0029-40BC-BCB5-B2D7874D90D7}.Debug|x64.ActiveCfg = Debug|Any CPU
		{B864532F-0029-40BC-BCB5-B2D7874D90D7}.Debug|x64.Build.0 = Debug|Any CPU
		{B864532F-0029-40BC-BCB5-B2D7874D90D7}.Debug|x64.Deploy.0 = Debug|Any CPU
		{B864532F-0029-40BC-BCB5-B2D7874D90D7}.Debug|x86.ActiveCfg = Debug|Any CPU
		{B864532F-0029-40BC-BCB5-B2D7874D90D7}.Debug|x86.Build.0 = Debug|Any CPU
		{B864532F-0029-40BC-BCB5-B2D7874D90D7}.Debug|x86.Deploy.0 = Debug|Any CPU
		{B864532F-0029-40BC-BCB5-B2D7874D90D7}.Release|Any CPU.ActiveCfg = Release|Any CPU
		{B864532F-0029-40BC-BCB5-B2D7874D90D7}.Release|Any CPU.Build.0 = Release|Any CPU
		{B864532F-0029-40BC-BCB5-B2D7874D90D7}.Release|Any CPU.Deploy.0 = Release|Any CPU
		{B864532F-0029-40BC-BCB5-B2D7874D90D7}.Release|ARM.ActiveCfg = Release|Any CPU
		{B864532F-0029-40BC-BCB5-B2D7874D90D7}.Release|ARM.Build.0 = Release|Any CPU
		{B864532F-0029-40BC-BCB5-B2D7874D90D7}.Release|ARM.Deploy.0 = Release|Any CPU
		{B864532F-0029-40BC-BCB5-B2D7874D90D7}.Release|iPhone.ActiveCfg = Release|Any CPU
		{B864532F-0029-40BC-BCB5-B2D7874D90D7}.Release|iPhone.Build.0 = Release|Any CPU
		{B864532F-0029-40BC-BCB5-B2D7874D90D7}.Release|iPhone.Deploy.0 = Release|Any CPU
		{B864532F-0029-40BC-BCB5-B2D7874D90D7}.Release|iPhoneSimulator.ActiveCfg = Release|Any CPU
		{B864532F-0029-40BC-BCB5-B2D7874D90D7}.Release|iPhoneSimulator.Build.0 = Release|Any CPU
		{B864532F-0029-40BC-BCB5-B2D7874D90D7}.Release|iPhoneSimulator.Deploy.0 = Release|Any CPU
		{B864532F-0029-40BC-BCB5-B2D7874D90D7}.Release|x64.ActiveCfg = Release|Any CPU
		{B864532F-0029-40BC-BCB5-B2D7874D90D7}.Release|x64.Build.0 = Release|Any CPU
		{B864532F-0029-40BC-BCB5-B2D7874D90D7}.Release|x64.Deploy.0 = Release|Any CPU
		{B864532F-0029-40BC-BCB5-B2D7874D90D7}.Release|x86.ActiveCfg = Release|Any CPU
		{B864532F-0029-40BC-BCB5-B2D7874D90D7}.Release|x86.Build.0 = Release|Any CPU
		{B864532F-0029-40BC-BCB5-B2D7874D90D7}.Release|x86.Deploy.0 = Release|Any CPU
		{603D52B4-27B9-408E-B5C8-0584DD697E78}.Ad-Hoc|Any CPU.ActiveCfg = Ad-Hoc|iPhoneSimulator
		{603D52B4-27B9-408E-B5C8-0584DD697E78}.Ad-Hoc|Any CPU.Build.0 = Ad-Hoc|iPhoneSimulator
		{603D52B4-27B9-408E-B5C8-0584DD697E78}.Ad-Hoc|ARM.ActiveCfg = Ad-Hoc|iPhoneSimulator
		{603D52B4-27B9-408E-B5C8-0584DD697E78}.Ad-Hoc|ARM.Build.0 = Ad-Hoc|iPhoneSimulator
		{603D52B4-27B9-408E-B5C8-0584DD697E78}.Ad-Hoc|iPhone.ActiveCfg = Ad-Hoc|iPhone
		{603D52B4-27B9-408E-B5C8-0584DD697E78}.Ad-Hoc|iPhone.Build.0 = Ad-Hoc|iPhone
		{603D52B4-27B9-408E-B5C8-0584DD697E78}.Ad-Hoc|iPhoneSimulator.ActiveCfg = Ad-Hoc|iPhoneSimulator
		{603D52B4-27B9-408E-B5C8-0584DD697E78}.Ad-Hoc|iPhoneSimulator.Build.0 = Ad-Hoc|iPhoneSimulator
		{603D52B4-27B9-408E-B5C8-0584DD697E78}.Ad-Hoc|x64.ActiveCfg = Ad-Hoc|iPhoneSimulator
		{603D52B4-27B9-408E-B5C8-0584DD697E78}.Ad-Hoc|x64.Build.0 = Ad-Hoc|iPhoneSimulator
		{603D52B4-27B9-408E-B5C8-0584DD697E78}.Ad-Hoc|x86.ActiveCfg = Ad-Hoc|iPhoneSimulator
		{603D52B4-27B9-408E-B5C8-0584DD697E78}.Ad-Hoc|x86.Build.0 = Ad-Hoc|iPhoneSimulator
		{603D52B4-27B9-408E-B5C8-0584DD697E78}.AppStore|Any CPU.ActiveCfg = AppStore|iPhoneSimulator
		{603D52B4-27B9-408E-B5C8-0584DD697E78}.AppStore|Any CPU.Build.0 = AppStore|iPhoneSimulator
		{603D52B4-27B9-408E-B5C8-0584DD697E78}.AppStore|ARM.ActiveCfg = AppStore|iPhoneSimulator
		{603D52B4-27B9-408E-B5C8-0584DD697E78}.AppStore|ARM.Build.0 = AppStore|iPhoneSimulator
		{603D52B4-27B9-408E-B5C8-0584DD697E78}.AppStore|iPhone.ActiveCfg = AppStore|iPhone
		{603D52B4-27B9-408E-B5C8-0584DD697E78}.AppStore|iPhone.Build.0 = AppStore|iPhone
		{603D52B4-27B9-408E-B5C8-0584DD697E78}.AppStore|iPhoneSimulator.ActiveCfg = AppStore|iPhoneSimulator
		{603D52B4-27B9-408E-B5C8-0584DD697E78}.AppStore|iPhoneSimulator.Build.0 = AppStore|iPhoneSimulator
		{603D52B4-27B9-408E-B5C8-0584DD697E78}.AppStore|x64.ActiveCfg = AppStore|iPhoneSimulator
		{603D52B4-27B9-408E-B5C8-0584DD697E78}.AppStore|x64.Build.0 = AppStore|iPhoneSimulator
		{603D52B4-27B9-408E-B5C8-0584DD697E78}.AppStore|x86.ActiveCfg = AppStore|iPhoneSimulator
		{603D52B4-27B9-408E-B5C8-0584DD697E78}.AppStore|x86.Build.0 = AppStore|iPhoneSimulator
		{603D52B4-27B9-408E-B5C8-0584DD697E78}.Debug|Any CPU.ActiveCfg = Debug|iPhoneSimulator
		{603D52B4-27B9-408E-B5C8-0584DD697E78}.Debug|Any CPU.Build.0 = Debug|iPhoneSimulator
		{603D52B4-27B9-408E-B5C8-0584DD697E78}.Debug|ARM.ActiveCfg = Debug|iPhoneSimulator
		{603D52B4-27B9-408E-B5C8-0584DD697E78}.Debug|ARM.Build.0 = Debug|iPhoneSimulator
		{603D52B4-27B9-408E-B5C8-0584DD697E78}.Debug|iPhone.ActiveCfg = Debug|iPhone
		{603D52B4-27B9-408E-B5C8-0584DD697E78}.Debug|iPhone.Build.0 = Debug|iPhone
		{603D52B4-27B9-408E-B5C8-0584DD697E78}.Debug|iPhoneSimulator.ActiveCfg = Debug|iPhoneSimulator
		{603D52B4-27B9-408E-B5C8-0584DD697E78}.Debug|iPhoneSimulator.Build.0 = Debug|iPhoneSimulator
		{603D52B4-27B9-408E-B5C8-0584DD697E78}.Debug|x64.ActiveCfg = Debug|iPhoneSimulator
		{603D52B4-27B9-408E-B5C8-0584DD697E78}.Debug|x64.Build.0 = Debug|iPhoneSimulator
		{603D52B4-27B9-408E-B5C8-0584DD697E78}.Debug|x86.ActiveCfg = Debug|iPhoneSimulator
		{603D52B4-27B9-408E-B5C8-0584DD697E78}.Debug|x86.Build.0 = Debug|iPhoneSimulator
		{603D52B4-27B9-408E-B5C8-0584DD697E78}.Release|Any CPU.ActiveCfg = Release|iPhoneSimulator
		{603D52B4-27B9-408E-B5C8-0584DD697E78}.Release|Any CPU.Build.0 = Release|iPhoneSimulator
		{603D52B4-27B9-408E-B5C8-0584DD697E78}.Release|ARM.ActiveCfg = Release|iPhoneSimulator
		{603D52B4-27B9-408E-B5C8-0584DD697E78}.Release|ARM.Build.0 = Release|iPhoneSimulator
		{603D52B4-27B9-408E-B5C8-0584DD697E78}.Release|iPhone.ActiveCfg = Release|iPhone
		{603D52B4-27B9-408E-B5C8-0584DD697E78}.Release|iPhone.Build.0 = Release|iPhone
		{603D52B4-27B9-408E-B5C8-0584DD697E78}.Release|iPhoneSimulator.ActiveCfg = Release|iPhoneSimulator
		{603D52B4-27B9-408E-B5C8-0584DD697E78}.Release|iPhoneSimulator.Build.0 = Release|iPhoneSimulator
		{603D52B4-27B9-408E-B5C8-0584DD697E78}.Release|x64.ActiveCfg = Release|iPhoneSimulator
		{603D52B4-27B9-408E-B5C8-0584DD697E78}.Release|x64.Build.0 = Release|iPhoneSimulator
		{603D52B4-27B9-408E-B5C8-0584DD697E78}.Release|x86.ActiveCfg = Release|iPhoneSimulator
		{603D52B4-27B9-408E-B5C8-0584DD697E78}.Release|x86.Build.0 = Release|iPhoneSimulator
		{8D1E7113-5E77-407D-A95F-8B25B875080B}.Ad-Hoc|Any CPU.ActiveCfg = Debug|x64
		{8D1E7113-5E77-407D-A95F-8B25B875080B}.Ad-Hoc|Any CPU.Build.0 = Debug|x64
		{8D1E7113-5E77-407D-A95F-8B25B875080B}.Ad-Hoc|Any CPU.Deploy.0 = Debug|x64
		{8D1E7113-5E77-407D-A95F-8B25B875080B}.Ad-Hoc|ARM.ActiveCfg = Debug|ARM
		{8D1E7113-5E77-407D-A95F-8B25B875080B}.Ad-Hoc|ARM.Build.0 = Debug|ARM
		{8D1E7113-5E77-407D-A95F-8B25B875080B}.Ad-Hoc|ARM.Deploy.0 = Debug|ARM
		{8D1E7113-5E77-407D-A95F-8B25B875080B}.Ad-Hoc|iPhone.ActiveCfg = Debug|x64
		{8D1E7113-5E77-407D-A95F-8B25B875080B}.Ad-Hoc|iPhone.Build.0 = Debug|x64
		{8D1E7113-5E77-407D-A95F-8B25B875080B}.Ad-Hoc|iPhone.Deploy.0 = Debug|x64
		{8D1E7113-5E77-407D-A95F-8B25B875080B}.Ad-Hoc|iPhoneSimulator.ActiveCfg = Debug|x64
		{8D1E7113-5E77-407D-A95F-8B25B875080B}.Ad-Hoc|iPhoneSimulator.Build.0 = Debug|x64
		{8D1E7113-5E77-407D-A95F-8B25B875080B}.Ad-Hoc|iPhoneSimulator.Deploy.0 = Debug|x64
		{8D1E7113-5E77-407D-A95F-8B25B875080B}.Ad-Hoc|x64.ActiveCfg = Debug|x64
		{8D1E7113-5E77-407D-A95F-8B25B875080B}.Ad-Hoc|x64.Build.0 = Debug|x64
		{8D1E7113-5E77-407D-A95F-8B25B875080B}.Ad-Hoc|x64.Deploy.0 = Debug|x64
		{8D1E7113-5E77-407D-A95F-8B25B875080B}.Ad-Hoc|x86.ActiveCfg = Debug|x86
		{8D1E7113-5E77-407D-A95F-8B25B875080B}.Ad-Hoc|x86.Build.0 = Debug|x86
		{8D1E7113-5E77-407D-A95F-8B25B875080B}.Ad-Hoc|x86.Deploy.0 = Debug|x86
		{8D1E7113-5E77-407D-A95F-8B25B875080B}.AppStore|Any CPU.ActiveCfg = Debug|x64
		{8D1E7113-5E77-407D-A95F-8B25B875080B}.AppStore|Any CPU.Build.0 = Debug|x64
		{8D1E7113-5E77-407D-A95F-8B25B875080B}.AppStore|Any CPU.Deploy.0 = Debug|x64
		{8D1E7113-5E77-407D-A95F-8B25B875080B}.AppStore|ARM.ActiveCfg = Debug|ARM
		{8D1E7113-5E77-407D-A95F-8B25B875080B}.AppStore|ARM.Build.0 = Debug|ARM
		{8D1E7113-5E77-407D-A95F-8B25B875080B}.AppStore|ARM.Deploy.0 = Debug|ARM
		{8D1E7113-5E77-407D-A95F-8B25B875080B}.AppStore|iPhone.ActiveCfg = Debug|x64
		{8D1E7113-5E77-407D-A95F-8B25B875080B}.AppStore|iPhone.Build.0 = Debug|x64
		{8D1E7113-5E77-407D-A95F-8B25B875080B}.AppStore|iPhone.Deploy.0 = Debug|x64
		{8D1E7113-5E77-407D-A95F-8B25B875080B}.AppStore|iPhoneSimulator.ActiveCfg = Debug|x64
		{8D1E7113-5E77-407D-A95F-8B25B875080B}.AppStore|iPhoneSimulator.Build.0 = Debug|x64
		{8D1E7113-5E77-407D-A95F-8B25B875080B}.AppStore|iPhoneSimulator.Deploy.0 = Debug|x64
		{8D1E7113-5E77-407D-A95F-8B25B875080B}.AppStore|x64.ActiveCfg = Debug|x64
		{8D1E7113-5E77-407D-A95F-8B25B875080B}.AppStore|x64.Build.0 = Debug|x64
		{8D1E7113-5E77-407D-A95F-8B25B875080B}.AppStore|x64.Deploy.0 = Debug|x64
		{8D1E7113-5E77-407D-A95F-8B25B875080B}.AppStore|x86.ActiveCfg = Debug|x86
		{8D1E7113-5E77-407D-A95F-8B25B875080B}.AppStore|x86.Build.0 = Debug|x86
		{8D1E7113-5E77-407D-A95F-8B25B875080B}.AppStore|x86.Deploy.0 = Debug|x86
		{8D1E7113-5E77-407D-A95F-8B25B875080B}.Debug|Any CPU.ActiveCfg = Debug|x64
		{8D1E7113-5E77-407D-A95F-8B25B875080B}.Debug|Any CPU.Build.0 = Debug|x64
		{8D1E7113-5E77-407D-A95F-8B25B875080B}.Debug|Any CPU.Deploy.0 = Debug|x64
		{8D1E7113-5E77-407D-A95F-8B25B875080B}.Debug|ARM.ActiveCfg = Debug|ARM
		{8D1E7113-5E77-407D-A95F-8B25B875080B}.Debug|ARM.Build.0 = Debug|ARM
		{8D1E7113-5E77-407D-A95F-8B25B875080B}.Debug|ARM.Deploy.0 = Debug|ARM
		{8D1E7113-5E77-407D-A95F-8B25B875080B}.Debug|iPhone.ActiveCfg = Debug|x64
		{8D1E7113-5E77-407D-A95F-8B25B875080B}.Debug|iPhone.Build.0 = Debug|x64
		{8D1E7113-5E77-407D-A95F-8B25B875080B}.Debug|iPhone.Deploy.0 = Debug|x64
		{8D1E7113-5E77-407D-A95F-8B25B875080B}.Debug|iPhoneSimulator.ActiveCfg = Debug|x64
		{8D1E7113-5E77-407D-A95F-8B25B875080B}.Debug|iPhoneSimulator.Build.0 = Debug|x64
		{8D1E7113-5E77-407D-A95F-8B25B875080B}.Debug|iPhoneSimulator.Deploy.0 = Debug|x64
		{8D1E7113-5E77-407D-A95F-8B25B875080B}.Debug|x64.ActiveCfg = Debug|x64
		{8D1E7113-5E77-407D-A95F-8B25B875080B}.Debug|x64.Build.0 = Debug|x64
		{8D1E7113-5E77-407D-A95F-8B25B875080B}.Debug|x64.Deploy.0 = Debug|x64
		{8D1E7113-5E77-407D-A95F-8B25B875080B}.Debug|x86.ActiveCfg = Debug|x86
		{8D1E7113-5E77-407D-A95F-8B25B875080B}.Debug|x86.Build.0 = Debug|x86
		{8D1E7113-5E77-407D-A95F-8B25B875080B}.Debug|x86.Deploy.0 = Debug|x86
		{8D1E7113-5E77-407D-A95F-8B25B875080B}.Release|Any CPU.ActiveCfg = Release|x64
		{8D1E7113-5E77-407D-A95F-8B25B875080B}.Release|Any CPU.Build.0 = Release|x64
		{8D1E7113-5E77-407D-A95F-8B25B875080B}.Release|Any CPU.Deploy.0 = Release|x64
		{8D1E7113-5E77-407D-A95F-8B25B875080B}.Release|ARM.ActiveCfg = Release|ARM
		{8D1E7113-5E77-407D-A95F-8B25B875080B}.Release|ARM.Build.0 = Release|ARM
		{8D1E7113-5E77-407D-A95F-8B25B875080B}.Release|ARM.Deploy.0 = Release|ARM
		{8D1E7113-5E77-407D-A95F-8B25B875080B}.Release|iPhone.ActiveCfg = Release|x64
		{8D1E7113-5E77-407D-A95F-8B25B875080B}.Release|iPhone.Build.0 = Release|x64
		{8D1E7113-5E77-407D-A95F-8B25B875080B}.Release|iPhone.Deploy.0 = Release|x64
		{8D1E7113-5E77-407D-A95F-8B25B875080B}.Release|iPhoneSimulator.ActiveCfg = Release|x64
		{8D1E7113-5E77-407D-A95F-8B25B875080B}.Release|iPhoneSimulator.Build.0 = Release|x64
		{8D1E7113-5E77-407D-A95F-8B25B875080B}.Release|iPhoneSimulator.Deploy.0 = Release|x64
		{8D1E7113-5E77-407D-A95F-8B25B875080B}.Release|x64.ActiveCfg = Release|x64
		{8D1E7113-5E77-407D-A95F-8B25B875080B}.Release|x64.Build.0 = Release|x64
		{8D1E7113-5E77-407D-A95F-8B25B875080B}.Release|x64.Deploy.0 = Release|x64
		{8D1E7113-5E77-407D-A95F-8B25B875080B}.Release|x86.ActiveCfg = Release|x86
		{8D1E7113-5E77-407D-A95F-8B25B875080B}.Release|x86.Build.0 = Release|x86
		{8D1E7113-5E77-407D-A95F-8B25B875080B}.Release|x86.Deploy.0 = Release|x86
		{F8871F13-9917-475A-A84B-06ADB1FB4B4F}.Ad-Hoc|Any CPU.ActiveCfg = Debug|Any CPU
		{F8871F13-9917-475A-A84B-06ADB1FB4B4F}.Ad-Hoc|Any CPU.Build.0 = Debug|Any CPU
		{F8871F13-9917-475A-A84B-06ADB1FB4B4F}.Ad-Hoc|ARM.ActiveCfg = Debug|Any CPU
		{F8871F13-9917-475A-A84B-06ADB1FB4B4F}.Ad-Hoc|ARM.Build.0 = Debug|Any CPU
		{F8871F13-9917-475A-A84B-06ADB1FB4B4F}.Ad-Hoc|iPhone.ActiveCfg = Debug|Any CPU
		{F8871F13-9917-475A-A84B-06ADB1FB4B4F}.Ad-Hoc|iPhone.Build.0 = Debug|Any CPU
		{F8871F13-9917-475A-A84B-06ADB1FB4B4F}.Ad-Hoc|iPhoneSimulator.ActiveCfg = Debug|Any CPU
		{F8871F13-9917-475A-A84B-06ADB1FB4B4F}.Ad-Hoc|iPhoneSimulator.Build.0 = Debug|Any CPU
		{F8871F13-9917-475A-A84B-06ADB1FB4B4F}.Ad-Hoc|x64.ActiveCfg = Debug|Any CPU
		{F8871F13-9917-475A-A84B-06ADB1FB4B4F}.Ad-Hoc|x64.Build.0 = Debug|Any CPU
		{F8871F13-9917-475A-A84B-06ADB1FB4B4F}.Ad-Hoc|x86.ActiveCfg = Debug|Any CPU
		{F8871F13-9917-475A-A84B-06ADB1FB4B4F}.Ad-Hoc|x86.Build.0 = Debug|Any CPU
		{F8871F13-9917-475A-A84B-06ADB1FB4B4F}.AppStore|Any CPU.ActiveCfg = Debug|Any CPU
		{F8871F13-9917-475A-A84B-06ADB1FB4B4F}.AppStore|Any CPU.Build.0 = Debug|Any CPU
		{F8871F13-9917-475A-A84B-06ADB1FB4B4F}.AppStore|ARM.ActiveCfg = Debug|Any CPU
		{F8871F13-9917-475A-A84B-06ADB1FB4B4F}.AppStore|ARM.Build.0 = Debug|Any CPU
		{F8871F13-9917-475A-A84B-06ADB1FB4B4F}.AppStore|iPhone.ActiveCfg = Debug|Any CPU
		{F8871F13-9917-475A-A84B-06ADB1FB4B4F}.AppStore|iPhone.Build.0 = Debug|Any CPU
		{F8871F13-9917-475A-A84B-06ADB1FB4B4F}.AppStore|iPhoneSimulator.ActiveCfg = Debug|Any CPU
		{F8871F13-9917-475A-A84B-06ADB1FB4B4F}.AppStore|iPhoneSimulator.Build.0 = Debug|Any CPU
		{F8871F13-9917-475A-A84B-06ADB1FB4B4F}.AppStore|x64.ActiveCfg = Debug|Any CPU
		{F8871F13-9917-475A-A84B-06ADB1FB4B4F}.AppStore|x64.Build.0 = Debug|Any CPU
		{F8871F13-9917-475A-A84B-06ADB1FB4B4F}.AppStore|x86.ActiveCfg = Debug|Any CPU
		{F8871F13-9917-475A-A84B-06ADB1FB4B4F}.AppStore|x86.Build.0 = Debug|Any CPU
		{F8871F13-9917-475A-A84B-06ADB1FB4B4F}.Debug|Any CPU.ActiveCfg = Debug|Any CPU
		{F8871F13-9917-475A-A84B-06ADB1FB4B4F}.Debug|Any CPU.Build.0 = Debug|Any CPU
		{F8871F13-9917-475A-A84B-06ADB1FB4B4F}.Debug|ARM.ActiveCfg = Debug|Any CPU
		{F8871F13-9917-475A-A84B-06ADB1FB4B4F}.Debug|ARM.Build.0 = Debug|Any CPU
		{F8871F13-9917-475A-A84B-06ADB1FB4B4F}.Debug|iPhone.ActiveCfg = Debug|Any CPU
		{F8871F13-9917-475A-A84B-06ADB1FB4B4F}.Debug|iPhone.Build.0 = Debug|Any CPU
		{F8871F13-9917-475A-A84B-06ADB1FB4B4F}.Debug|iPhoneSimulator.ActiveCfg = Debug|Any CPU
		{F8871F13-9917-475A-A84B-06ADB1FB4B4F}.Debug|iPhoneSimulator.Build.0 = Debug|Any CPU
		{F8871F13-9917-475A-A84B-06ADB1FB4B4F}.Debug|x64.ActiveCfg = Debug|Any CPU
		{F8871F13-9917-475A-A84B-06ADB1FB4B4F}.Debug|x64.Build.0 = Debug|Any CPU
		{F8871F13-9917-475A-A84B-06ADB1FB4B4F}.Debug|x86.ActiveCfg = Debug|Any CPU
		{F8871F13-9917-475A-A84B-06ADB1FB4B4F}.Debug|x86.Build.0 = Debug|Any CPU
		{F8871F13-9917-475A-A84B-06ADB1FB4B4F}.Release|Any CPU.ActiveCfg = Release|Any CPU
		{F8871F13-9917-475A-A84B-06ADB1FB4B4F}.Release|Any CPU.Build.0 = Release|Any CPU
		{F8871F13-9917-475A-A84B-06ADB1FB4B4F}.Release|ARM.ActiveCfg = Release|Any CPU
		{F8871F13-9917-475A-A84B-06ADB1FB4B4F}.Release|ARM.Build.0 = Release|Any CPU
		{F8871F13-9917-475A-A84B-06ADB1FB4B4F}.Release|iPhone.ActiveCfg = Release|Any CPU
		{F8871F13-9917-475A-A84B-06ADB1FB4B4F}.Release|iPhone.Build.0 = Release|Any CPU
		{F8871F13-9917-475A-A84B-06ADB1FB4B4F}.Release|iPhoneSimulator.ActiveCfg = Release|Any CPU
		{F8871F13-9917-475A-A84B-06ADB1FB4B4F}.Release|iPhoneSimulator.Build.0 = Release|Any CPU
		{F8871F13-9917-475A-A84B-06ADB1FB4B4F}.Release|x64.ActiveCfg = Release|Any CPU
		{F8871F13-9917-475A-A84B-06ADB1FB4B4F}.Release|x64.Build.0 = Release|Any CPU
		{F8871F13-9917-475A-A84B-06ADB1FB4B4F}.Release|x86.ActiveCfg = Release|Any CPU
		{F8871F13-9917-475A-A84B-06ADB1FB4B4F}.Release|x86.Build.0 = Release|Any CPU
		{6356BCAC-A339-4BED-9F1E-9BEE1A3306BC}.Ad-Hoc|Any CPU.ActiveCfg = Debug|Any CPU
		{6356BCAC-A339-4BED-9F1E-9BEE1A3306BC}.Ad-Hoc|Any CPU.Build.0 = Debug|Any CPU
		{6356BCAC-A339-4BED-9F1E-9BEE1A3306BC}.Ad-Hoc|ARM.ActiveCfg = Debug|Any CPU
		{6356BCAC-A339-4BED-9F1E-9BEE1A3306BC}.Ad-Hoc|ARM.Build.0 = Debug|Any CPU
		{6356BCAC-A339-4BED-9F1E-9BEE1A3306BC}.Ad-Hoc|iPhone.ActiveCfg = Debug|Any CPU
		{6356BCAC-A339-4BED-9F1E-9BEE1A3306BC}.Ad-Hoc|iPhone.Build.0 = Debug|Any CPU
		{6356BCAC-A339-4BED-9F1E-9BEE1A3306BC}.Ad-Hoc|iPhoneSimulator.ActiveCfg = Debug|Any CPU
		{6356BCAC-A339-4BED-9F1E-9BEE1A3306BC}.Ad-Hoc|iPhoneSimulator.Build.0 = Debug|Any CPU
		{6356BCAC-A339-4BED-9F1E-9BEE1A3306BC}.Ad-Hoc|x64.ActiveCfg = Debug|Any CPU
		{6356BCAC-A339-4BED-9F1E-9BEE1A3306BC}.Ad-Hoc|x64.Build.0 = Debug|Any CPU
		{6356BCAC-A339-4BED-9F1E-9BEE1A3306BC}.Ad-Hoc|x86.ActiveCfg = Debug|Any CPU
		{6356BCAC-A339-4BED-9F1E-9BEE1A3306BC}.Ad-Hoc|x86.Build.0 = Debug|Any CPU
		{6356BCAC-A339-4BED-9F1E-9BEE1A3306BC}.AppStore|Any CPU.ActiveCfg = Debug|Any CPU
		{6356BCAC-A339-4BED-9F1E-9BEE1A3306BC}.AppStore|Any CPU.Build.0 = Debug|Any CPU
		{6356BCAC-A339-4BED-9F1E-9BEE1A3306BC}.AppStore|ARM.ActiveCfg = Debug|Any CPU
		{6356BCAC-A339-4BED-9F1E-9BEE1A3306BC}.AppStore|ARM.Build.0 = Debug|Any CPU
		{6356BCAC-A339-4BED-9F1E-9BEE1A3306BC}.AppStore|iPhone.ActiveCfg = Debug|Any CPU
		{6356BCAC-A339-4BED-9F1E-9BEE1A3306BC}.AppStore|iPhone.Build.0 = Debug|Any CPU
		{6356BCAC-A339-4BED-9F1E-9BEE1A3306BC}.AppStore|iPhoneSimulator.ActiveCfg = Debug|Any CPU
		{6356BCAC-A339-4BED-9F1E-9BEE1A3306BC}.AppStore|iPhoneSimulator.Build.0 = Debug|Any CPU
		{6356BCAC-A339-4BED-9F1E-9BEE1A3306BC}.AppStore|x64.ActiveCfg = Debug|Any CPU
		{6356BCAC-A339-4BED-9F1E-9BEE1A3306BC}.AppStore|x64.Build.0 = Debug|Any CPU
		{6356BCAC-A339-4BED-9F1E-9BEE1A3306BC}.AppStore|x86.ActiveCfg = Debug|Any CPU
		{6356BCAC-A339-4BED-9F1E-9BEE1A3306BC}.AppStore|x86.Build.0 = Debug|Any CPU
		{6356BCAC-A339-4BED-9F1E-9BEE1A3306BC}.Debug|Any CPU.ActiveCfg = Debug|Any CPU
		{6356BCAC-A339-4BED-9F1E-9BEE1A3306BC}.Debug|Any CPU.Build.0 = Debug|Any CPU
		{6356BCAC-A339-4BED-9F1E-9BEE1A3306BC}.Debug|ARM.ActiveCfg = Debug|Any CPU
		{6356BCAC-A339-4BED-9F1E-9BEE1A3306BC}.Debug|ARM.Build.0 = Debug|Any CPU
		{6356BCAC-A339-4BED-9F1E-9BEE1A3306BC}.Debug|iPhone.ActiveCfg = Debug|Any CPU
		{6356BCAC-A339-4BED-9F1E-9BEE1A3306BC}.Debug|iPhone.Build.0 = Debug|Any CPU
		{6356BCAC-A339-4BED-9F1E-9BEE1A3306BC}.Debug|iPhoneSimulator.ActiveCfg = Debug|Any CPU
		{6356BCAC-A339-4BED-9F1E-9BEE1A3306BC}.Debug|iPhoneSimulator.Build.0 = Debug|Any CPU
		{6356BCAC-A339-4BED-9F1E-9BEE1A3306BC}.Debug|x64.ActiveCfg = Debug|Any CPU
		{6356BCAC-A339-4BED-9F1E-9BEE1A3306BC}.Debug|x64.Build.0 = Debug|Any CPU
		{6356BCAC-A339-4BED-9F1E-9BEE1A3306BC}.Debug|x86.ActiveCfg = Debug|Any CPU
		{6356BCAC-A339-4BED-9F1E-9BEE1A3306BC}.Debug|x86.Build.0 = Debug|Any CPU
		{6356BCAC-A339-4BED-9F1E-9BEE1A3306BC}.Release|Any CPU.ActiveCfg = Release|Any CPU
		{6356BCAC-A339-4BED-9F1E-9BEE1A3306BC}.Release|Any CPU.Build.0 = Release|Any CPU
		{6356BCAC-A339-4BED-9F1E-9BEE1A3306BC}.Release|ARM.ActiveCfg = Release|Any CPU
		{6356BCAC-A339-4BED-9F1E-9BEE1A3306BC}.Release|ARM.Build.0 = Release|Any CPU
		{6356BCAC-A339-4BED-9F1E-9BEE1A3306BC}.Release|iPhone.ActiveCfg = Release|Any CPU
		{6356BCAC-A339-4BED-9F1E-9BEE1A3306BC}.Release|iPhone.Build.0 = Release|Any CPU
		{6356BCAC-A339-4BED-9F1E-9BEE1A3306BC}.Release|iPhoneSimulator.ActiveCfg = Release|Any CPU
		{6356BCAC-A339-4BED-9F1E-9BEE1A3306BC}.Release|iPhoneSimulator.Build.0 = Release|Any CPU
		{6356BCAC-A339-4BED-9F1E-9BEE1A3306BC}.Release|x64.ActiveCfg = Release|Any CPU
		{6356BCAC-A339-4BED-9F1E-9BEE1A3306BC}.Release|x64.Build.0 = Release|Any CPU
		{6356BCAC-A339-4BED-9F1E-9BEE1A3306BC}.Release|x86.ActiveCfg = Release|Any CPU
		{6356BCAC-A339-4BED-9F1E-9BEE1A3306BC}.Release|x86.Build.0 = Release|Any CPU
		{B76DC43D-0D9E-496F-A146-345941582CD6}.Ad-Hoc|Any CPU.ActiveCfg = Debug|Any CPU
		{B76DC43D-0D9E-496F-A146-345941582CD6}.Ad-Hoc|Any CPU.Build.0 = Debug|Any CPU
		{B76DC43D-0D9E-496F-A146-345941582CD6}.Ad-Hoc|ARM.ActiveCfg = Debug|Any CPU
		{B76DC43D-0D9E-496F-A146-345941582CD6}.Ad-Hoc|ARM.Build.0 = Debug|Any CPU
		{B76DC43D-0D9E-496F-A146-345941582CD6}.Ad-Hoc|iPhone.ActiveCfg = Debug|Any CPU
		{B76DC43D-0D9E-496F-A146-345941582CD6}.Ad-Hoc|iPhone.Build.0 = Debug|Any CPU
		{B76DC43D-0D9E-496F-A146-345941582CD6}.Ad-Hoc|iPhoneSimulator.ActiveCfg = Debug|Any CPU
		{B76DC43D-0D9E-496F-A146-345941582CD6}.Ad-Hoc|iPhoneSimulator.Build.0 = Debug|Any CPU
		{B76DC43D-0D9E-496F-A146-345941582CD6}.Ad-Hoc|x64.ActiveCfg = Debug|Any CPU
		{B76DC43D-0D9E-496F-A146-345941582CD6}.Ad-Hoc|x64.Build.0 = Debug|Any CPU
		{B76DC43D-0D9E-496F-A146-345941582CD6}.Ad-Hoc|x86.ActiveCfg = Debug|Any CPU
		{B76DC43D-0D9E-496F-A146-345941582CD6}.Ad-Hoc|x86.Build.0 = Debug|Any CPU
		{B76DC43D-0D9E-496F-A146-345941582CD6}.AppStore|Any CPU.ActiveCfg = Debug|Any CPU
		{B76DC43D-0D9E-496F-A146-345941582CD6}.AppStore|Any CPU.Build.0 = Debug|Any CPU
		{B76DC43D-0D9E-496F-A146-345941582CD6}.AppStore|ARM.ActiveCfg = Debug|Any CPU
		{B76DC43D-0D9E-496F-A146-345941582CD6}.AppStore|ARM.Build.0 = Debug|Any CPU
		{B76DC43D-0D9E-496F-A146-345941582CD6}.AppStore|iPhone.ActiveCfg = Debug|Any CPU
		{B76DC43D-0D9E-496F-A146-345941582CD6}.AppStore|iPhone.Build.0 = Debug|Any CPU
		{B76DC43D-0D9E-496F-A146-345941582CD6}.AppStore|iPhoneSimulator.ActiveCfg = Debug|Any CPU
		{B76DC43D-0D9E-496F-A146-345941582CD6}.AppStore|iPhoneSimulator.Build.0 = Debug|Any CPU
		{B76DC43D-0D9E-496F-A146-345941582CD6}.AppStore|x64.ActiveCfg = Debug|Any CPU
		{B76DC43D-0D9E-496F-A146-345941582CD6}.AppStore|x64.Build.0 = Debug|Any CPU
		{B76DC43D-0D9E-496F-A146-345941582CD6}.AppStore|x86.ActiveCfg = Debug|Any CPU
		{B76DC43D-0D9E-496F-A146-345941582CD6}.AppStore|x86.Build.0 = Debug|Any CPU
		{B76DC43D-0D9E-496F-A146-345941582CD6}.Debug|Any CPU.ActiveCfg = Debug|Any CPU
		{B76DC43D-0D9E-496F-A146-345941582CD6}.Debug|Any CPU.Build.0 = Debug|Any CPU
		{B76DC43D-0D9E-496F-A146-345941582CD6}.Debug|ARM.ActiveCfg = Debug|Any CPU
		{B76DC43D-0D9E-496F-A146-345941582CD6}.Debug|ARM.Build.0 = Debug|Any CPU
		{B76DC43D-0D9E-496F-A146-345941582CD6}.Debug|iPhone.ActiveCfg = Debug|Any CPU
		{B76DC43D-0D9E-496F-A146-345941582CD6}.Debug|iPhone.Build.0 = Debug|Any CPU
		{B76DC43D-0D9E-496F-A146-345941582CD6}.Debug|iPhoneSimulator.ActiveCfg = Debug|Any CPU
		{B76DC43D-0D9E-496F-A146-345941582CD6}.Debug|iPhoneSimulator.Build.0 = Debug|Any CPU
		{B76DC43D-0D9E-496F-A146-345941582CD6}.Debug|x64.ActiveCfg = Debug|Any CPU
		{B76DC43D-0D9E-496F-A146-345941582CD6}.Debug|x64.Build.0 = Debug|Any CPU
		{B76DC43D-0D9E-496F-A146-345941582CD6}.Debug|x86.ActiveCfg = Debug|Any CPU
		{B76DC43D-0D9E-496F-A146-345941582CD6}.Debug|x86.Build.0 = Debug|Any CPU
		{B76DC43D-0D9E-496F-A146-345941582CD6}.Release|Any CPU.ActiveCfg = Release|Any CPU
		{B76DC43D-0D9E-496F-A146-345941582CD6}.Release|Any CPU.Build.0 = Release|Any CPU
		{B76DC43D-0D9E-496F-A146-345941582CD6}.Release|ARM.ActiveCfg = Release|Any CPU
		{B76DC43D-0D9E-496F-A146-345941582CD6}.Release|ARM.Build.0 = Release|Any CPU
		{B76DC43D-0D9E-496F-A146-345941582CD6}.Release|iPhone.ActiveCfg = Release|Any CPU
		{B76DC43D-0D9E-496F-A146-345941582CD6}.Release|iPhone.Build.0 = Release|Any CPU
		{B76DC43D-0D9E-496F-A146-345941582CD6}.Release|iPhoneSimulator.ActiveCfg = Release|Any CPU
		{B76DC43D-0D9E-496F-A146-345941582CD6}.Release|iPhoneSimulator.Build.0 = Release|Any CPU
		{B76DC43D-0D9E-496F-A146-345941582CD6}.Release|x64.ActiveCfg = Release|Any CPU
		{B76DC43D-0D9E-496F-A146-345941582CD6}.Release|x64.Build.0 = Release|Any CPU
		{B76DC43D-0D9E-496F-A146-345941582CD6}.Release|x86.ActiveCfg = Release|Any CPU
		{B76DC43D-0D9E-496F-A146-345941582CD6}.Release|x86.Build.0 = Release|Any CPU
		{BB3FEA6E-946C-4EC0-B0C3-B2CB3B0C9C8C}.Ad-Hoc|Any CPU.ActiveCfg = Debug|Any CPU
		{BB3FEA6E-946C-4EC0-B0C3-B2CB3B0C9C8C}.Ad-Hoc|Any CPU.Build.0 = Debug|Any CPU
		{BB3FEA6E-946C-4EC0-B0C3-B2CB3B0C9C8C}.Ad-Hoc|ARM.ActiveCfg = Debug|Any CPU
		{BB3FEA6E-946C-4EC0-B0C3-B2CB3B0C9C8C}.Ad-Hoc|ARM.Build.0 = Debug|Any CPU
		{BB3FEA6E-946C-4EC0-B0C3-B2CB3B0C9C8C}.Ad-Hoc|iPhone.ActiveCfg = Debug|Any CPU
		{BB3FEA6E-946C-4EC0-B0C3-B2CB3B0C9C8C}.Ad-Hoc|iPhone.Build.0 = Debug|Any CPU
		{BB3FEA6E-946C-4EC0-B0C3-B2CB3B0C9C8C}.Ad-Hoc|iPhoneSimulator.ActiveCfg = Debug|Any CPU
		{BB3FEA6E-946C-4EC0-B0C3-B2CB3B0C9C8C}.Ad-Hoc|iPhoneSimulator.Build.0 = Debug|Any CPU
		{BB3FEA6E-946C-4EC0-B0C3-B2CB3B0C9C8C}.Ad-Hoc|x64.ActiveCfg = Debug|Any CPU
		{BB3FEA6E-946C-4EC0-B0C3-B2CB3B0C9C8C}.Ad-Hoc|x64.Build.0 = Debug|Any CPU
		{BB3FEA6E-946C-4EC0-B0C3-B2CB3B0C9C8C}.Ad-Hoc|x86.ActiveCfg = Debug|Any CPU
		{BB3FEA6E-946C-4EC0-B0C3-B2CB3B0C9C8C}.Ad-Hoc|x86.Build.0 = Debug|Any CPU
		{BB3FEA6E-946C-4EC0-B0C3-B2CB3B0C9C8C}.AppStore|Any CPU.ActiveCfg = Debug|Any CPU
		{BB3FEA6E-946C-4EC0-B0C3-B2CB3B0C9C8C}.AppStore|Any CPU.Build.0 = Debug|Any CPU
		{BB3FEA6E-946C-4EC0-B0C3-B2CB3B0C9C8C}.AppStore|ARM.ActiveCfg = Debug|Any CPU
		{BB3FEA6E-946C-4EC0-B0C3-B2CB3B0C9C8C}.AppStore|ARM.Build.0 = Debug|Any CPU
		{BB3FEA6E-946C-4EC0-B0C3-B2CB3B0C9C8C}.AppStore|iPhone.ActiveCfg = Debug|Any CPU
		{BB3FEA6E-946C-4EC0-B0C3-B2CB3B0C9C8C}.AppStore|iPhone.Build.0 = Debug|Any CPU
		{BB3FEA6E-946C-4EC0-B0C3-B2CB3B0C9C8C}.AppStore|iPhoneSimulator.ActiveCfg = Debug|Any CPU
		{BB3FEA6E-946C-4EC0-B0C3-B2CB3B0C9C8C}.AppStore|iPhoneSimulator.Build.0 = Debug|Any CPU
		{BB3FEA6E-946C-4EC0-B0C3-B2CB3B0C9C8C}.AppStore|x64.ActiveCfg = Debug|Any CPU
		{BB3FEA6E-946C-4EC0-B0C3-B2CB3B0C9C8C}.AppStore|x64.Build.0 = Debug|Any CPU
		{BB3FEA6E-946C-4EC0-B0C3-B2CB3B0C9C8C}.AppStore|x86.ActiveCfg = Debug|Any CPU
		{BB3FEA6E-946C-4EC0-B0C3-B2CB3B0C9C8C}.AppStore|x86.Build.0 = Debug|Any CPU
		{BB3FEA6E-946C-4EC0-B0C3-B2CB3B0C9C8C}.Debug|Any CPU.ActiveCfg = Debug|Any CPU
		{BB3FEA6E-946C-4EC0-B0C3-B2CB3B0C9C8C}.Debug|Any CPU.Build.0 = Debug|Any CPU
		{BB3FEA6E-946C-4EC0-B0C3-B2CB3B0C9C8C}.Debug|ARM.ActiveCfg = Debug|Any CPU
		{BB3FEA6E-946C-4EC0-B0C3-B2CB3B0C9C8C}.Debug|ARM.Build.0 = Debug|Any CPU
		{BB3FEA6E-946C-4EC0-B0C3-B2CB3B0C9C8C}.Debug|iPhone.ActiveCfg = Debug|Any CPU
		{BB3FEA6E-946C-4EC0-B0C3-B2CB3B0C9C8C}.Debug|iPhone.Build.0 = Debug|Any CPU
		{BB3FEA6E-946C-4EC0-B0C3-B2CB3B0C9C8C}.Debug|iPhoneSimulator.ActiveCfg = Debug|Any CPU
		{BB3FEA6E-946C-4EC0-B0C3-B2CB3B0C9C8C}.Debug|iPhoneSimulator.Build.0 = Debug|Any CPU
		{BB3FEA6E-946C-4EC0-B0C3-B2CB3B0C9C8C}.Debug|x64.ActiveCfg = Debug|Any CPU
		{BB3FEA6E-946C-4EC0-B0C3-B2CB3B0C9C8C}.Debug|x64.Build.0 = Debug|Any CPU
		{BB3FEA6E-946C-4EC0-B0C3-B2CB3B0C9C8C}.Debug|x86.ActiveCfg = Debug|Any CPU
		{BB3FEA6E-946C-4EC0-B0C3-B2CB3B0C9C8C}.Debug|x86.Build.0 = Debug|Any CPU
		{BB3FEA6E-946C-4EC0-B0C3-B2CB3B0C9C8C}.Release|Any CPU.ActiveCfg = Release|Any CPU
		{BB3FEA6E-946C-4EC0-B0C3-B2CB3B0C9C8C}.Release|Any CPU.Build.0 = Release|Any CPU
		{BB3FEA6E-946C-4EC0-B0C3-B2CB3B0C9C8C}.Release|ARM.ActiveCfg = Release|Any CPU
		{BB3FEA6E-946C-4EC0-B0C3-B2CB3B0C9C8C}.Release|ARM.Build.0 = Release|Any CPU
		{BB3FEA6E-946C-4EC0-B0C3-B2CB3B0C9C8C}.Release|iPhone.ActiveCfg = Release|Any CPU
		{BB3FEA6E-946C-4EC0-B0C3-B2CB3B0C9C8C}.Release|iPhone.Build.0 = Release|Any CPU
		{BB3FEA6E-946C-4EC0-B0C3-B2CB3B0C9C8C}.Release|iPhoneSimulator.ActiveCfg = Release|Any CPU
		{BB3FEA6E-946C-4EC0-B0C3-B2CB3B0C9C8C}.Release|iPhoneSimulator.Build.0 = Release|Any CPU
		{BB3FEA6E-946C-4EC0-B0C3-B2CB3B0C9C8C}.Release|x64.ActiveCfg = Release|Any CPU
		{BB3FEA6E-946C-4EC0-B0C3-B2CB3B0C9C8C}.Release|x64.Build.0 = Release|Any CPU
		{BB3FEA6E-946C-4EC0-B0C3-B2CB3B0C9C8C}.Release|x86.ActiveCfg = Release|Any CPU
		{BB3FEA6E-946C-4EC0-B0C3-B2CB3B0C9C8C}.Release|x86.Build.0 = Release|Any CPU
		{A35DAB20-6476-4E64-A9F9-7154A4748248}.Ad-Hoc|Any CPU.ActiveCfg = Debug|Any CPU
		{A35DAB20-6476-4E64-A9F9-7154A4748248}.Ad-Hoc|Any CPU.Build.0 = Debug|Any CPU
		{A35DAB20-6476-4E64-A9F9-7154A4748248}.Ad-Hoc|ARM.ActiveCfg = Debug|Any CPU
		{A35DAB20-6476-4E64-A9F9-7154A4748248}.Ad-Hoc|ARM.Build.0 = Debug|Any CPU
		{A35DAB20-6476-4E64-A9F9-7154A4748248}.Ad-Hoc|iPhone.ActiveCfg = Debug|Any CPU
		{A35DAB20-6476-4E64-A9F9-7154A4748248}.Ad-Hoc|iPhone.Build.0 = Debug|Any CPU
		{A35DAB20-6476-4E64-A9F9-7154A4748248}.Ad-Hoc|iPhoneSimulator.ActiveCfg = Debug|Any CPU
		{A35DAB20-6476-4E64-A9F9-7154A4748248}.Ad-Hoc|iPhoneSimulator.Build.0 = Debug|Any CPU
		{A35DAB20-6476-4E64-A9F9-7154A4748248}.Ad-Hoc|x64.ActiveCfg = Debug|Any CPU
		{A35DAB20-6476-4E64-A9F9-7154A4748248}.Ad-Hoc|x64.Build.0 = Debug|Any CPU
		{A35DAB20-6476-4E64-A9F9-7154A4748248}.Ad-Hoc|x86.ActiveCfg = Debug|Any CPU
		{A35DAB20-6476-4E64-A9F9-7154A4748248}.Ad-Hoc|x86.Build.0 = Debug|Any CPU
		{A35DAB20-6476-4E64-A9F9-7154A4748248}.AppStore|Any CPU.ActiveCfg = Debug|Any CPU
		{A35DAB20-6476-4E64-A9F9-7154A4748248}.AppStore|Any CPU.Build.0 = Debug|Any CPU
		{A35DAB20-6476-4E64-A9F9-7154A4748248}.AppStore|ARM.ActiveCfg = Debug|Any CPU
		{A35DAB20-6476-4E64-A9F9-7154A4748248}.AppStore|ARM.Build.0 = Debug|Any CPU
		{A35DAB20-6476-4E64-A9F9-7154A4748248}.AppStore|iPhone.ActiveCfg = Debug|Any CPU
		{A35DAB20-6476-4E64-A9F9-7154A4748248}.AppStore|iPhone.Build.0 = Debug|Any CPU
		{A35DAB20-6476-4E64-A9F9-7154A4748248}.AppStore|iPhoneSimulator.ActiveCfg = Debug|Any CPU
		{A35DAB20-6476-4E64-A9F9-7154A4748248}.AppStore|iPhoneSimulator.Build.0 = Debug|Any CPU
		{A35DAB20-6476-4E64-A9F9-7154A4748248}.AppStore|x64.ActiveCfg = Debug|Any CPU
		{A35DAB20-6476-4E64-A9F9-7154A4748248}.AppStore|x64.Build.0 = Debug|Any CPU
		{A35DAB20-6476-4E64-A9F9-7154A4748248}.AppStore|x86.ActiveCfg = Debug|Any CPU
		{A35DAB20-6476-4E64-A9F9-7154A4748248}.AppStore|x86.Build.0 = Debug|Any CPU
		{A35DAB20-6476-4E64-A9F9-7154A4748248}.Debug|Any CPU.ActiveCfg = Debug|Any CPU
		{A35DAB20-6476-4E64-A9F9-7154A4748248}.Debug|Any CPU.Build.0 = Debug|Any CPU
		{A35DAB20-6476-4E64-A9F9-7154A4748248}.Debug|ARM.ActiveCfg = Debug|Any CPU
		{A35DAB20-6476-4E64-A9F9-7154A4748248}.Debug|ARM.Build.0 = Debug|Any CPU
		{A35DAB20-6476-4E64-A9F9-7154A4748248}.Debug|iPhone.ActiveCfg = Debug|Any CPU
		{A35DAB20-6476-4E64-A9F9-7154A4748248}.Debug|iPhone.Build.0 = Debug|Any CPU
		{A35DAB20-6476-4E64-A9F9-7154A4748248}.Debug|iPhoneSimulator.ActiveCfg = Debug|Any CPU
		{A35DAB20-6476-4E64-A9F9-7154A4748248}.Debug|iPhoneSimulator.Build.0 = Debug|Any CPU
		{A35DAB20-6476-4E64-A9F9-7154A4748248}.Debug|x64.ActiveCfg = Debug|Any CPU
		{A35DAB20-6476-4E64-A9F9-7154A4748248}.Debug|x64.Build.0 = Debug|Any CPU
		{A35DAB20-6476-4E64-A9F9-7154A4748248}.Debug|x86.ActiveCfg = Debug|Any CPU
		{A35DAB20-6476-4E64-A9F9-7154A4748248}.Debug|x86.Build.0 = Debug|Any CPU
		{A35DAB20-6476-4E64-A9F9-7154A4748248}.Release|Any CPU.ActiveCfg = Release|Any CPU
		{A35DAB20-6476-4E64-A9F9-7154A4748248}.Release|Any CPU.Build.0 = Release|Any CPU
		{A35DAB20-6476-4E64-A9F9-7154A4748248}.Release|ARM.ActiveCfg = Release|Any CPU
		{A35DAB20-6476-4E64-A9F9-7154A4748248}.Release|ARM.Build.0 = Release|Any CPU
		{A35DAB20-6476-4E64-A9F9-7154A4748248}.Release|iPhone.ActiveCfg = Release|Any CPU
		{A35DAB20-6476-4E64-A9F9-7154A4748248}.Release|iPhone.Build.0 = Release|Any CPU
		{A35DAB20-6476-4E64-A9F9-7154A4748248}.Release|iPhoneSimulator.ActiveCfg = Release|Any CPU
		{A35DAB20-6476-4E64-A9F9-7154A4748248}.Release|iPhoneSimulator.Build.0 = Release|Any CPU
		{A35DAB20-6476-4E64-A9F9-7154A4748248}.Release|x64.ActiveCfg = Release|Any CPU
		{A35DAB20-6476-4E64-A9F9-7154A4748248}.Release|x64.Build.0 = Release|Any CPU
		{A35DAB20-6476-4E64-A9F9-7154A4748248}.Release|x86.ActiveCfg = Release|Any CPU
		{A35DAB20-6476-4E64-A9F9-7154A4748248}.Release|x86.Build.0 = Release|Any CPU
		{1EB5715E-80E6-499D-87B2-1647A16FBCF4}.Ad-Hoc|Any CPU.ActiveCfg = Debug|Any CPU
		{1EB5715E-80E6-499D-87B2-1647A16FBCF4}.Ad-Hoc|Any CPU.Build.0 = Debug|Any CPU
		{1EB5715E-80E6-499D-87B2-1647A16FBCF4}.Ad-Hoc|ARM.ActiveCfg = Debug|Any CPU
		{1EB5715E-80E6-499D-87B2-1647A16FBCF4}.Ad-Hoc|ARM.Build.0 = Debug|Any CPU
		{1EB5715E-80E6-499D-87B2-1647A16FBCF4}.Ad-Hoc|iPhone.ActiveCfg = Debug|Any CPU
		{1EB5715E-80E6-499D-87B2-1647A16FBCF4}.Ad-Hoc|iPhone.Build.0 = Debug|Any CPU
		{1EB5715E-80E6-499D-87B2-1647A16FBCF4}.Ad-Hoc|iPhoneSimulator.ActiveCfg = Debug|Any CPU
		{1EB5715E-80E6-499D-87B2-1647A16FBCF4}.Ad-Hoc|iPhoneSimulator.Build.0 = Debug|Any CPU
		{1EB5715E-80E6-499D-87B2-1647A16FBCF4}.Ad-Hoc|x64.ActiveCfg = Debug|Any CPU
		{1EB5715E-80E6-499D-87B2-1647A16FBCF4}.Ad-Hoc|x64.Build.0 = Debug|Any CPU
		{1EB5715E-80E6-499D-87B2-1647A16FBCF4}.Ad-Hoc|x86.ActiveCfg = Debug|Any CPU
		{1EB5715E-80E6-499D-87B2-1647A16FBCF4}.Ad-Hoc|x86.Build.0 = Debug|Any CPU
		{1EB5715E-80E6-499D-87B2-1647A16FBCF4}.AppStore|Any CPU.ActiveCfg = Debug|Any CPU
		{1EB5715E-80E6-499D-87B2-1647A16FBCF4}.AppStore|Any CPU.Build.0 = Debug|Any CPU
		{1EB5715E-80E6-499D-87B2-1647A16FBCF4}.AppStore|ARM.ActiveCfg = Debug|Any CPU
		{1EB5715E-80E6-499D-87B2-1647A16FBCF4}.AppStore|ARM.Build.0 = Debug|Any CPU
		{1EB5715E-80E6-499D-87B2-1647A16FBCF4}.AppStore|iPhone.ActiveCfg = Debug|Any CPU
		{1EB5715E-80E6-499D-87B2-1647A16FBCF4}.AppStore|iPhone.Build.0 = Debug|Any CPU
		{1EB5715E-80E6-499D-87B2-1647A16FBCF4}.AppStore|iPhoneSimulator.ActiveCfg = Debug|Any CPU
		{1EB5715E-80E6-499D-87B2-1647A16FBCF4}.AppStore|iPhoneSimulator.Build.0 = Debug|Any CPU
		{1EB5715E-80E6-499D-87B2-1647A16FBCF4}.AppStore|x64.ActiveCfg = Debug|Any CPU
		{1EB5715E-80E6-499D-87B2-1647A16FBCF4}.AppStore|x64.Build.0 = Debug|Any CPU
		{1EB5715E-80E6-499D-87B2-1647A16FBCF4}.AppStore|x86.ActiveCfg = Debug|Any CPU
		{1EB5715E-80E6-499D-87B2-1647A16FBCF4}.AppStore|x86.Build.0 = Debug|Any CPU
		{1EB5715E-80E6-499D-87B2-1647A16FBCF4}.Debug|Any CPU.ActiveCfg = Debug|Any CPU
		{1EB5715E-80E6-499D-87B2-1647A16FBCF4}.Debug|Any CPU.Build.0 = Debug|Any CPU
		{1EB5715E-80E6-499D-87B2-1647A16FBCF4}.Debug|ARM.ActiveCfg = Debug|Any CPU
		{1EB5715E-80E6-499D-87B2-1647A16FBCF4}.Debug|ARM.Build.0 = Debug|Any CPU
		{1EB5715E-80E6-499D-87B2-1647A16FBCF4}.Debug|iPhone.ActiveCfg = Debug|Any CPU
		{1EB5715E-80E6-499D-87B2-1647A16FBCF4}.Debug|iPhone.Build.0 = Debug|Any CPU
		{1EB5715E-80E6-499D-87B2-1647A16FBCF4}.Debug|iPhoneSimulator.ActiveCfg = Debug|Any CPU
		{1EB5715E-80E6-499D-87B2-1647A16FBCF4}.Debug|iPhoneSimulator.Build.0 = Debug|Any CPU
		{1EB5715E-80E6-499D-87B2-1647A16FBCF4}.Debug|x64.ActiveCfg = Debug|Any CPU
		{1EB5715E-80E6-499D-87B2-1647A16FBCF4}.Debug|x64.Build.0 = Debug|Any CPU
		{1EB5715E-80E6-499D-87B2-1647A16FBCF4}.Debug|x86.ActiveCfg = Debug|Any CPU
		{1EB5715E-80E6-499D-87B2-1647A16FBCF4}.Debug|x86.Build.0 = Debug|Any CPU
		{1EB5715E-80E6-499D-87B2-1647A16FBCF4}.Release|Any CPU.ActiveCfg = Release|Any CPU
		{1EB5715E-80E6-499D-87B2-1647A16FBCF4}.Release|Any CPU.Build.0 = Release|Any CPU
		{1EB5715E-80E6-499D-87B2-1647A16FBCF4}.Release|ARM.ActiveCfg = Release|Any CPU
		{1EB5715E-80E6-499D-87B2-1647A16FBCF4}.Release|ARM.Build.0 = Release|Any CPU
		{1EB5715E-80E6-499D-87B2-1647A16FBCF4}.Release|iPhone.ActiveCfg = Release|Any CPU
		{1EB5715E-80E6-499D-87B2-1647A16FBCF4}.Release|iPhone.Build.0 = Release|Any CPU
		{1EB5715E-80E6-499D-87B2-1647A16FBCF4}.Release|iPhoneSimulator.ActiveCfg = Release|Any CPU
		{1EB5715E-80E6-499D-87B2-1647A16FBCF4}.Release|iPhoneSimulator.Build.0 = Release|Any CPU
		{1EB5715E-80E6-499D-87B2-1647A16FBCF4}.Release|x64.ActiveCfg = Release|Any CPU
		{1EB5715E-80E6-499D-87B2-1647A16FBCF4}.Release|x64.Build.0 = Release|Any CPU
		{1EB5715E-80E6-499D-87B2-1647A16FBCF4}.Release|x86.ActiveCfg = Release|Any CPU
		{1EB5715E-80E6-499D-87B2-1647A16FBCF4}.Release|x86.Build.0 = Release|Any CPU
		{6F2DDE80-03AD-4BEF-B48F-38D31281A25F}.Ad-Hoc|Any CPU.ActiveCfg = Debug|Any CPU
		{6F2DDE80-03AD-4BEF-B48F-38D31281A25F}.Ad-Hoc|Any CPU.Build.0 = Debug|Any CPU
		{6F2DDE80-03AD-4BEF-B48F-38D31281A25F}.Ad-Hoc|ARM.ActiveCfg = Debug|Any CPU
		{6F2DDE80-03AD-4BEF-B48F-38D31281A25F}.Ad-Hoc|ARM.Build.0 = Debug|Any CPU
		{6F2DDE80-03AD-4BEF-B48F-38D31281A25F}.Ad-Hoc|iPhone.ActiveCfg = Debug|Any CPU
		{6F2DDE80-03AD-4BEF-B48F-38D31281A25F}.Ad-Hoc|iPhone.Build.0 = Debug|Any CPU
		{6F2DDE80-03AD-4BEF-B48F-38D31281A25F}.Ad-Hoc|iPhoneSimulator.ActiveCfg = Debug|Any CPU
		{6F2DDE80-03AD-4BEF-B48F-38D31281A25F}.Ad-Hoc|iPhoneSimulator.Build.0 = Debug|Any CPU
		{6F2DDE80-03AD-4BEF-B48F-38D31281A25F}.Ad-Hoc|x64.ActiveCfg = Debug|Any CPU
		{6F2DDE80-03AD-4BEF-B48F-38D31281A25F}.Ad-Hoc|x64.Build.0 = Debug|Any CPU
		{6F2DDE80-03AD-4BEF-B48F-38D31281A25F}.Ad-Hoc|x86.ActiveCfg = Debug|Any CPU
		{6F2DDE80-03AD-4BEF-B48F-38D31281A25F}.Ad-Hoc|x86.Build.0 = Debug|Any CPU
		{6F2DDE80-03AD-4BEF-B48F-38D31281A25F}.AppStore|Any CPU.ActiveCfg = Debug|Any CPU
		{6F2DDE80-03AD-4BEF-B48F-38D31281A25F}.AppStore|Any CPU.Build.0 = Debug|Any CPU
		{6F2DDE80-03AD-4BEF-B48F-38D31281A25F}.AppStore|ARM.ActiveCfg = Debug|Any CPU
		{6F2DDE80-03AD-4BEF-B48F-38D31281A25F}.AppStore|ARM.Build.0 = Debug|Any CPU
		{6F2DDE80-03AD-4BEF-B48F-38D31281A25F}.AppStore|iPhone.ActiveCfg = Debug|Any CPU
		{6F2DDE80-03AD-4BEF-B48F-38D31281A25F}.AppStore|iPhone.Build.0 = Debug|Any CPU
		{6F2DDE80-03AD-4BEF-B48F-38D31281A25F}.AppStore|iPhoneSimulator.ActiveCfg = Debug|Any CPU
		{6F2DDE80-03AD-4BEF-B48F-38D31281A25F}.AppStore|iPhoneSimulator.Build.0 = Debug|Any CPU
		{6F2DDE80-03AD-4BEF-B48F-38D31281A25F}.AppStore|x64.ActiveCfg = Debug|Any CPU
		{6F2DDE80-03AD-4BEF-B48F-38D31281A25F}.AppStore|x64.Build.0 = Debug|Any CPU
		{6F2DDE80-03AD-4BEF-B48F-38D31281A25F}.AppStore|x86.ActiveCfg = Debug|Any CPU
		{6F2DDE80-03AD-4BEF-B48F-38D31281A25F}.AppStore|x86.Build.0 = Debug|Any CPU
		{6F2DDE80-03AD-4BEF-B48F-38D31281A25F}.Debug|Any CPU.ActiveCfg = Debug|Any CPU
		{6F2DDE80-03AD-4BEF-B48F-38D31281A25F}.Debug|Any CPU.Build.0 = Debug|Any CPU
		{6F2DDE80-03AD-4BEF-B48F-38D31281A25F}.Debug|ARM.ActiveCfg = Debug|Any CPU
		{6F2DDE80-03AD-4BEF-B48F-38D31281A25F}.Debug|ARM.Build.0 = Debug|Any CPU
		{6F2DDE80-03AD-4BEF-B48F-38D31281A25F}.Debug|iPhone.ActiveCfg = Debug|Any CPU
		{6F2DDE80-03AD-4BEF-B48F-38D31281A25F}.Debug|iPhone.Build.0 = Debug|Any CPU
		{6F2DDE80-03AD-4BEF-B48F-38D31281A25F}.Debug|iPhoneSimulator.ActiveCfg = Debug|Any CPU
		{6F2DDE80-03AD-4BEF-B48F-38D31281A25F}.Debug|iPhoneSimulator.Build.0 = Debug|Any CPU
		{6F2DDE80-03AD-4BEF-B48F-38D31281A25F}.Debug|x64.ActiveCfg = Debug|Any CPU
		{6F2DDE80-03AD-4BEF-B48F-38D31281A25F}.Debug|x64.Build.0 = Debug|Any CPU
		{6F2DDE80-03AD-4BEF-B48F-38D31281A25F}.Debug|x86.ActiveCfg = Debug|Any CPU
		{6F2DDE80-03AD-4BEF-B48F-38D31281A25F}.Debug|x86.Build.0 = Debug|Any CPU
		{6F2DDE80-03AD-4BEF-B48F-38D31281A25F}.Release|Any CPU.ActiveCfg = Release|Any CPU
		{6F2DDE80-03AD-4BEF-B48F-38D31281A25F}.Release|Any CPU.Build.0 = Release|Any CPU
		{6F2DDE80-03AD-4BEF-B48F-38D31281A25F}.Release|ARM.ActiveCfg = Release|Any CPU
		{6F2DDE80-03AD-4BEF-B48F-38D31281A25F}.Release|ARM.Build.0 = Release|Any CPU
		{6F2DDE80-03AD-4BEF-B48F-38D31281A25F}.Release|iPhone.ActiveCfg = Release|Any CPU
		{6F2DDE80-03AD-4BEF-B48F-38D31281A25F}.Release|iPhone.Build.0 = Release|Any CPU
		{6F2DDE80-03AD-4BEF-B48F-38D31281A25F}.Release|iPhoneSimulator.ActiveCfg = Release|Any CPU
		{6F2DDE80-03AD-4BEF-B48F-38D31281A25F}.Release|iPhoneSimulator.Build.0 = Release|Any CPU
		{6F2DDE80-03AD-4BEF-B48F-38D31281A25F}.Release|x64.ActiveCfg = Release|Any CPU
		{6F2DDE80-03AD-4BEF-B48F-38D31281A25F}.Release|x64.Build.0 = Release|Any CPU
		{6F2DDE80-03AD-4BEF-B48F-38D31281A25F}.Release|x86.ActiveCfg = Release|Any CPU
		{6F2DDE80-03AD-4BEF-B48F-38D31281A25F}.Release|x86.Build.0 = Release|Any CPU
		{5CADB749-743A-4D0D-B721-EDDF273F6DDF}.Ad-Hoc|Any CPU.ActiveCfg = Debug|Any CPU
		{5CADB749-743A-4D0D-B721-EDDF273F6DDF}.Ad-Hoc|Any CPU.Build.0 = Debug|Any CPU
		{5CADB749-743A-4D0D-B721-EDDF273F6DDF}.Ad-Hoc|ARM.ActiveCfg = Debug|Any CPU
		{5CADB749-743A-4D0D-B721-EDDF273F6DDF}.Ad-Hoc|ARM.Build.0 = Debug|Any CPU
		{5CADB749-743A-4D0D-B721-EDDF273F6DDF}.Ad-Hoc|iPhone.ActiveCfg = Debug|Any CPU
		{5CADB749-743A-4D0D-B721-EDDF273F6DDF}.Ad-Hoc|iPhone.Build.0 = Debug|Any CPU
		{5CADB749-743A-4D0D-B721-EDDF273F6DDF}.Ad-Hoc|iPhoneSimulator.ActiveCfg = Debug|Any CPU
		{5CADB749-743A-4D0D-B721-EDDF273F6DDF}.Ad-Hoc|iPhoneSimulator.Build.0 = Debug|Any CPU
		{5CADB749-743A-4D0D-B721-EDDF273F6DDF}.Ad-Hoc|x64.ActiveCfg = Debug|Any CPU
		{5CADB749-743A-4D0D-B721-EDDF273F6DDF}.Ad-Hoc|x64.Build.0 = Debug|Any CPU
		{5CADB749-743A-4D0D-B721-EDDF273F6DDF}.Ad-Hoc|x86.ActiveCfg = Debug|Any CPU
		{5CADB749-743A-4D0D-B721-EDDF273F6DDF}.Ad-Hoc|x86.Build.0 = Debug|Any CPU
		{5CADB749-743A-4D0D-B721-EDDF273F6DDF}.AppStore|Any CPU.ActiveCfg = Debug|Any CPU
		{5CADB749-743A-4D0D-B721-EDDF273F6DDF}.AppStore|Any CPU.Build.0 = Debug|Any CPU
		{5CADB749-743A-4D0D-B721-EDDF273F6DDF}.AppStore|ARM.ActiveCfg = Debug|Any CPU
		{5CADB749-743A-4D0D-B721-EDDF273F6DDF}.AppStore|ARM.Build.0 = Debug|Any CPU
		{5CADB749-743A-4D0D-B721-EDDF273F6DDF}.AppStore|iPhone.ActiveCfg = Debug|Any CPU
		{5CADB749-743A-4D0D-B721-EDDF273F6DDF}.AppStore|iPhone.Build.0 = Debug|Any CPU
		{5CADB749-743A-4D0D-B721-EDDF273F6DDF}.AppStore|iPhoneSimulator.ActiveCfg = Debug|Any CPU
		{5CADB749-743A-4D0D-B721-EDDF273F6DDF}.AppStore|iPhoneSimulator.Build.0 = Debug|Any CPU
		{5CADB749-743A-4D0D-B721-EDDF273F6DDF}.AppStore|x64.ActiveCfg = Debug|Any CPU
		{5CADB749-743A-4D0D-B721-EDDF273F6DDF}.AppStore|x64.Build.0 = Debug|Any CPU
		{5CADB749-743A-4D0D-B721-EDDF273F6DDF}.AppStore|x86.ActiveCfg = Debug|Any CPU
		{5CADB749-743A-4D0D-B721-EDDF273F6DDF}.AppStore|x86.Build.0 = Debug|Any CPU
		{5CADB749-743A-4D0D-B721-EDDF273F6DDF}.Debug|Any CPU.ActiveCfg = Debug|Any CPU
		{5CADB749-743A-4D0D-B721-EDDF273F6DDF}.Debug|Any CPU.Build.0 = Debug|Any CPU
		{5CADB749-743A-4D0D-B721-EDDF273F6DDF}.Debug|ARM.ActiveCfg = Debug|Any CPU
		{5CADB749-743A-4D0D-B721-EDDF273F6DDF}.Debug|ARM.Build.0 = Debug|Any CPU
		{5CADB749-743A-4D0D-B721-EDDF273F6DDF}.Debug|iPhone.ActiveCfg = Debug|Any CPU
		{5CADB749-743A-4D0D-B721-EDDF273F6DDF}.Debug|iPhone.Build.0 = Debug|Any CPU
		{5CADB749-743A-4D0D-B721-EDDF273F6DDF}.Debug|iPhoneSimulator.ActiveCfg = Debug|Any CPU
		{5CADB749-743A-4D0D-B721-EDDF273F6DDF}.Debug|iPhoneSimulator.Build.0 = Debug|Any CPU
		{5CADB749-743A-4D0D-B721-EDDF273F6DDF}.Debug|x64.ActiveCfg = Debug|Any CPU
		{5CADB749-743A-4D0D-B721-EDDF273F6DDF}.Debug|x64.Build.0 = Debug|Any CPU
		{5CADB749-743A-4D0D-B721-EDDF273F6DDF}.Debug|x86.ActiveCfg = Debug|Any CPU
		{5CADB749-743A-4D0D-B721-EDDF273F6DDF}.Debug|x86.Build.0 = Debug|Any CPU
		{5CADB749-743A-4D0D-B721-EDDF273F6DDF}.Release|Any CPU.ActiveCfg = Release|Any CPU
		{5CADB749-743A-4D0D-B721-EDDF273F6DDF}.Release|Any CPU.Build.0 = Release|Any CPU
		{5CADB749-743A-4D0D-B721-EDDF273F6DDF}.Release|ARM.ActiveCfg = Release|Any CPU
		{5CADB749-743A-4D0D-B721-EDDF273F6DDF}.Release|ARM.Build.0 = Release|Any CPU
		{5CADB749-743A-4D0D-B721-EDDF273F6DDF}.Release|iPhone.ActiveCfg = Release|Any CPU
		{5CADB749-743A-4D0D-B721-EDDF273F6DDF}.Release|iPhone.Build.0 = Release|Any CPU
		{5CADB749-743A-4D0D-B721-EDDF273F6DDF}.Release|iPhoneSimulator.ActiveCfg = Release|Any CPU
		{5CADB749-743A-4D0D-B721-EDDF273F6DDF}.Release|iPhoneSimulator.Build.0 = Release|Any CPU
		{5CADB749-743A-4D0D-B721-EDDF273F6DDF}.Release|x64.ActiveCfg = Release|Any CPU
		{5CADB749-743A-4D0D-B721-EDDF273F6DDF}.Release|x64.Build.0 = Release|Any CPU
		{5CADB749-743A-4D0D-B721-EDDF273F6DDF}.Release|x86.ActiveCfg = Release|Any CPU
		{5CADB749-743A-4D0D-B721-EDDF273F6DDF}.Release|x86.Build.0 = Release|Any CPU
		{D50E4067-E8CC-4E92-813B-53168E9CDCC6}.Ad-Hoc|Any CPU.ActiveCfg = Debug|Any CPU
		{D50E4067-E8CC-4E92-813B-53168E9CDCC6}.Ad-Hoc|Any CPU.Build.0 = Debug|Any CPU
		{D50E4067-E8CC-4E92-813B-53168E9CDCC6}.Ad-Hoc|ARM.ActiveCfg = Debug|Any CPU
		{D50E4067-E8CC-4E92-813B-53168E9CDCC6}.Ad-Hoc|ARM.Build.0 = Debug|Any CPU
		{D50E4067-E8CC-4E92-813B-53168E9CDCC6}.Ad-Hoc|iPhone.ActiveCfg = Debug|Any CPU
		{D50E4067-E8CC-4E92-813B-53168E9CDCC6}.Ad-Hoc|iPhone.Build.0 = Debug|Any CPU
		{D50E4067-E8CC-4E92-813B-53168E9CDCC6}.Ad-Hoc|iPhoneSimulator.ActiveCfg = Debug|Any CPU
		{D50E4067-E8CC-4E92-813B-53168E9CDCC6}.Ad-Hoc|iPhoneSimulator.Build.0 = Debug|Any CPU
		{D50E4067-E8CC-4E92-813B-53168E9CDCC6}.Ad-Hoc|x64.ActiveCfg = Debug|Any CPU
		{D50E4067-E8CC-4E92-813B-53168E9CDCC6}.Ad-Hoc|x64.Build.0 = Debug|Any CPU
		{D50E4067-E8CC-4E92-813B-53168E9CDCC6}.Ad-Hoc|x86.ActiveCfg = Debug|Any CPU
		{D50E4067-E8CC-4E92-813B-53168E9CDCC6}.Ad-Hoc|x86.Build.0 = Debug|Any CPU
		{D50E4067-E8CC-4E92-813B-53168E9CDCC6}.AppStore|Any CPU.ActiveCfg = Debug|Any CPU
		{D50E4067-E8CC-4E92-813B-53168E9CDCC6}.AppStore|Any CPU.Build.0 = Debug|Any CPU
		{D50E4067-E8CC-4E92-813B-53168E9CDCC6}.AppStore|ARM.ActiveCfg = Debug|Any CPU
		{D50E4067-E8CC-4E92-813B-53168E9CDCC6}.AppStore|ARM.Build.0 = Debug|Any CPU
		{D50E4067-E8CC-4E92-813B-53168E9CDCC6}.AppStore|iPhone.ActiveCfg = Debug|Any CPU
		{D50E4067-E8CC-4E92-813B-53168E9CDCC6}.AppStore|iPhone.Build.0 = Debug|Any CPU
		{D50E4067-E8CC-4E92-813B-53168E9CDCC6}.AppStore|iPhoneSimulator.ActiveCfg = Debug|Any CPU
		{D50E4067-E8CC-4E92-813B-53168E9CDCC6}.AppStore|iPhoneSimulator.Build.0 = Debug|Any CPU
		{D50E4067-E8CC-4E92-813B-53168E9CDCC6}.AppStore|x64.ActiveCfg = Debug|Any CPU
		{D50E4067-E8CC-4E92-813B-53168E9CDCC6}.AppStore|x64.Build.0 = Debug|Any CPU
		{D50E4067-E8CC-4E92-813B-53168E9CDCC6}.AppStore|x86.ActiveCfg = Debug|Any CPU
		{D50E4067-E8CC-4E92-813B-53168E9CDCC6}.AppStore|x86.Build.0 = Debug|Any CPU
		{D50E4067-E8CC-4E92-813B-53168E9CDCC6}.Debug|Any CPU.ActiveCfg = Debug|Any CPU
		{D50E4067-E8CC-4E92-813B-53168E9CDCC6}.Debug|Any CPU.Build.0 = Debug|Any CPU
		{D50E4067-E8CC-4E92-813B-53168E9CDCC6}.Debug|ARM.ActiveCfg = Debug|Any CPU
		{D50E4067-E8CC-4E92-813B-53168E9CDCC6}.Debug|ARM.Build.0 = Debug|Any CPU
		{D50E4067-E8CC-4E92-813B-53168E9CDCC6}.Debug|iPhone.ActiveCfg = Debug|Any CPU
		{D50E4067-E8CC-4E92-813B-53168E9CDCC6}.Debug|iPhone.Build.0 = Debug|Any CPU
		{D50E4067-E8CC-4E92-813B-53168E9CDCC6}.Debug|iPhoneSimulator.ActiveCfg = Debug|Any CPU
		{D50E4067-E8CC-4E92-813B-53168E9CDCC6}.Debug|iPhoneSimulator.Build.0 = Debug|Any CPU
		{D50E4067-E8CC-4E92-813B-53168E9CDCC6}.Debug|x64.ActiveCfg = Debug|Any CPU
		{D50E4067-E8CC-4E92-813B-53168E9CDCC6}.Debug|x64.Build.0 = Debug|Any CPU
		{D50E4067-E8CC-4E92-813B-53168E9CDCC6}.Debug|x86.ActiveCfg = Debug|Any CPU
		{D50E4067-E8CC-4E92-813B-53168E9CDCC6}.Debug|x86.Build.0 = Debug|Any CPU
		{D50E4067-E8CC-4E92-813B-53168E9CDCC6}.Release|Any CPU.ActiveCfg = Release|Any CPU
		{D50E4067-E8CC-4E92-813B-53168E9CDCC6}.Release|Any CPU.Build.0 = Release|Any CPU
		{D50E4067-E8CC-4E92-813B-53168E9CDCC6}.Release|ARM.ActiveCfg = Release|Any CPU
		{D50E4067-E8CC-4E92-813B-53168E9CDCC6}.Release|ARM.Build.0 = Release|Any CPU
		{D50E4067-E8CC-4E92-813B-53168E9CDCC6}.Release|iPhone.ActiveCfg = Release|Any CPU
		{D50E4067-E8CC-4E92-813B-53168E9CDCC6}.Release|iPhone.Build.0 = Release|Any CPU
		{D50E4067-E8CC-4E92-813B-53168E9CDCC6}.Release|iPhoneSimulator.ActiveCfg = Release|Any CPU
		{D50E4067-E8CC-4E92-813B-53168E9CDCC6}.Release|iPhoneSimulator.Build.0 = Release|Any CPU
		{D50E4067-E8CC-4E92-813B-53168E9CDCC6}.Release|x64.ActiveCfg = Release|Any CPU
		{D50E4067-E8CC-4E92-813B-53168E9CDCC6}.Release|x64.Build.0 = Release|Any CPU
		{D50E4067-E8CC-4E92-813B-53168E9CDCC6}.Release|x86.ActiveCfg = Release|Any CPU
		{D50E4067-E8CC-4E92-813B-53168E9CDCC6}.Release|x86.Build.0 = Release|Any CPU
	EndGlobalSection
	GlobalSection(SolutionProperties) = preSolution
		HideSolutionNode = FALSE
	EndGlobalSection
	GlobalSection(NestedProjects) = preSolution
		{B864532F-0029-40BC-BCB5-B2D7874D90D7} = {93D5C0C7-5C12-4CFD-A1FD-3AC0D9E65CC8}
		{603D52B4-27B9-408E-B5C8-0584DD697E78} = {93D5C0C7-5C12-4CFD-A1FD-3AC0D9E65CC8}
		{8D1E7113-5E77-407D-A95F-8B25B875080B} = {93D5C0C7-5C12-4CFD-A1FD-3AC0D9E65CC8}
		{6356BCAC-A339-4BED-9F1E-9BEE1A3306BC} = {C6805A10-AEF1-45B5-BC10-27A7D47EF754}
		{B76DC43D-0D9E-496F-A146-345941582CD6} = {C6805A10-AEF1-45B5-BC10-27A7D47EF754}
		{BB3FEA6E-946C-4EC0-B0C3-B2CB3B0C9C8C} = {C6805A10-AEF1-45B5-BC10-27A7D47EF754}
		{A35DAB20-6476-4E64-A9F9-7154A4748248} = {C6805A10-AEF1-45B5-BC10-27A7D47EF754}
		{1EB5715E-80E6-499D-87B2-1647A16FBCF4} = {E20E7376-BE97-4F58-B3D3-8CB0EA1EEEF9}
		{6F2DDE80-03AD-4BEF-B48F-38D31281A25F} = {E20E7376-BE97-4F58-B3D3-8CB0EA1EEEF9}
		{5CADB749-743A-4D0D-B721-EDDF273F6DDF} = {E20E7376-BE97-4F58-B3D3-8CB0EA1EEEF9}
		{D50E4067-E8CC-4E92-813B-53168E9CDCC6} = {E20E7376-BE97-4F58-B3D3-8CB0EA1EEEF9}
	EndGlobalSection
	GlobalSection(ExtensibilityGlobals) = postSolution
		SolutionGuid = {8454E890-AE82-4C2D-8A86-6599C49568FA}
	EndGlobalSection
EndGlobal
